// !$*UTF8*$!
{
	archiveVersion = 1;
	classes = {
	};
	objectVersion = 48;
	objects = {

/* Begin PBXBuildFile section */
		3E9783B92E9FC10A0C5014D1 /* Pods_Marvel.framework in Frameworks */ = {isa = PBXBuildFile; fileRef = 32AC2167E3C8923EA56B8054 /* Pods_Marvel.framework */; };
		76983E88C96002ACBBD34FA8 /* Pods_MarvelUITests.framework in Frameworks */ = {isa = PBXBuildFile; fileRef = 2E2103BD486B6F5BC40DED11 /* Pods_MarvelUITests.framework */; };
		B32D3ACB208AE82300C5D1B5 /* MockAbstractNetworking.swift in Sources */ = {isa = PBXBuildFile; fileRef = B32D3ACA208AE82200C5D1B5 /* MockAbstractNetworking.swift */; };
		B3EFA9832130B199009C5A2D /* HomeCardCollectionViewCell.swift in Sources */ = {isa = PBXBuildFile; fileRef = B3EFA9772130B199009C5A2D /* HomeCardCollectionViewCell.swift */; };
		B3EFA9842130B199009C5A2D /* HomeListCollectionViewCell.swift in Sources */ = {isa = PBXBuildFile; fileRef = B3EFA9782130B199009C5A2D /* HomeListCollectionViewCell.swift */; };
		B3EFA9852130B199009C5A2D /* DetailPresenter.swift in Sources */ = {isa = PBXBuildFile; fileRef = B3EFA97A2130B199009C5A2D /* DetailPresenter.swift */; };
		B3EFA9862130B199009C5A2D /* DetailRouter.swift in Sources */ = {isa = PBXBuildFile; fileRef = B3EFA97B2130B199009C5A2D /* DetailRouter.swift */; };
		B3EFA9872130B199009C5A2D /* DetailViewController.swift in Sources */ = {isa = PBXBuildFile; fileRef = B3EFA97C2130B199009C5A2D /* DetailViewController.swift */; };
		B3EFA9882130B199009C5A2D /* HomeInteractor.swift in Sources */ = {isa = PBXBuildFile; fileRef = B3EFA97E2130B199009C5A2D /* HomeInteractor.swift */; };
		B3EFA9892130B199009C5A2D /* HomePresenter.swift in Sources */ = {isa = PBXBuildFile; fileRef = B3EFA97F2130B199009C5A2D /* HomePresenter.swift */; };
		B3EFA98A2130B199009C5A2D /* HomeRouter.swift in Sources */ = {isa = PBXBuildFile; fileRef = B3EFA9802130B199009C5A2D /* HomeRouter.swift */; };
		B3EFA98B2130B199009C5A2D /* HomeViewController.swift in Sources */ = {isa = PBXBuildFile; fileRef = B3EFA9812130B199009C5A2D /* HomeViewController.swift */; };
		B3EFA98C2130B199009C5A2D /* Main.storyboard in Resources */ = {isa = PBXBuildFile; fileRef = B3EFA9822130B199009C5A2D /* Main.storyboard */; };
		B3EFA98E2130B37B009C5A2D /* InitialRouter.swift in Sources */ = {isa = PBXBuildFile; fileRef = B3EFA98D2130B37B009C5A2D /* InitialRouter.swift */; };
		C63D14C0F78D3A90A4CFBD1C /* Pods_MarvelTests.framework in Frameworks */ = {isa = PBXBuildFile; fileRef = 30778005912181A28EBAC83C /* Pods_MarvelTests.framework */; };
		C7323B35208A64DC00544816 /* MarvelTests.swift in Sources */ = {isa = PBXBuildFile; fileRef = C7323B34208A64DC00544816 /* MarvelTests.swift */; };
		C7323B40208A64DC00544816 /* MarvelUITests.swift in Sources */ = {isa = PBXBuildFile; fileRef = C7323B3F208A64DC00544816 /* MarvelUITests.swift */; };
		C7323B6C208A651300544816 /* ConstantsService+EndPoint.swift in Sources */ = {isa = PBXBuildFile; fileRef = C7323B4F208A651300544816 /* ConstantsService+EndPoint.swift */; };
		C7323B6D208A651300544816 /* ConstantsService.swift in Sources */ = {isa = PBXBuildFile; fileRef = C7323B50208A651300544816 /* ConstantsService.swift */; };
		C7323B6E208A651300544816 /* AlamofireImageNetworking.swift in Sources */ = {isa = PBXBuildFile; fileRef = C7323B52208A651300544816 /* AlamofireImageNetworking.swift */; };
		C7323B6F208A651300544816 /* AlamofireNetworking.swift in Sources */ = {isa = PBXBuildFile; fileRef = C7323B53208A651300544816 /* AlamofireNetworking.swift */; };
		C7323B70208A651300544816 /* AbstractNetworking.swift in Sources */ = {isa = PBXBuildFile; fileRef = C7323B54208A651300544816 /* AbstractNetworking.swift */; };
		C7323B71208A651300544816 /* NetworkingError.swift in Sources */ = {isa = PBXBuildFile; fileRef = C7323B56208A651300544816 /* NetworkingError.swift */; };
		C7323B72208A651300544816 /* AbstractResponse.swift in Sources */ = {isa = PBXBuildFile; fileRef = C7323B59208A651300544816 /* AbstractResponse.swift */; };
		C7323B73208A651300544816 /* AbstractRequest.swift in Sources */ = {isa = PBXBuildFile; fileRef = C7323B5A208A651300544816 /* AbstractRequest.swift */; };
		C7323B7C208A651300544816 /* CharactersResponse.swift in Sources */ = {isa = PBXBuildFile; fileRef = C7323B66208A651300544816 /* CharactersResponse.swift */; };
		C7323B7D208A651300544816 /* CharactersRequest.swift in Sources */ = {isa = PBXBuildFile; fileRef = C7323B67208A651300544816 /* CharactersRequest.swift */; };
		C7323B7E208A651300544816 /* CharactersAPI.swift in Sources */ = {isa = PBXBuildFile; fileRef = C7323B68208A651300544816 /* CharactersAPI.swift */; };
		C7323B7F208A651300544816 /* ResultCharactersResponse.swift in Sources */ = {isa = PBXBuildFile; fileRef = C7323B69208A651300544816 /* ResultCharactersResponse.swift */; };
		C7323B80208A651300544816 /* APIInjector.swift in Sources */ = {isa = PBXBuildFile; fileRef = C7323B6B208A651300544816 /* APIInjector.swift */; };
		C7323B83208A653300544816 /* AppDelegate.swift in Sources */ = {isa = PBXBuildFile; fileRef = C7323B82208A653300544816 /* AppDelegate.swift */; };
		C7323B8A208A657F00544816 /* Assets.xcassets in Resources */ = {isa = PBXBuildFile; fileRef = C7323B88208A657F00544816 /* Assets.xcassets */; };
		C7323B90208A65E500544816 /* LaunchScreen.storyboard in Resources */ = {isa = PBXBuildFile; fileRef = C7323B8E208A65E500544816 /* LaunchScreen.storyboard */; };
		C7323BB6208A7A5800544816 /* Constants.swift in Sources */ = {isa = PBXBuildFile; fileRef = C7323BA8208A7A5800544816 /* Constants.swift */; };
		C7323BB7208A7A5800544816 /* Constants+FontSize.swift in Sources */ = {isa = PBXBuildFile; fileRef = C7323BAA208A7A5800544816 /* Constants+FontSize.swift */; };
		C7323BB8208A7A5800544816 /* UIScreen+ViewSize.swift in Sources */ = {isa = PBXBuildFile; fileRef = C7323BAD208A7A5800544816 /* UIScreen+ViewSize.swift */; };
		C7323BB9208A7A5800544816 /* Application+PropertyAccess.swift in Sources */ = {isa = PBXBuildFile; fileRef = C7323BAF208A7A5800544816 /* Application+PropertyAccess.swift */; };
		C7323BBA208A7A5800544816 /* UIColors+Palette.swift in Sources */ = {isa = PBXBuildFile; fileRef = C7323BB1208A7A5800544816 /* UIColors+Palette.swift */; };
		C7323BBB208A7A5800544816 /* UIFont+Pacifico+FontWeight.swift in Sources */ = {isa = PBXBuildFile; fileRef = C7323BB3208A7A5800544816 /* UIFont+Pacifico+FontWeight.swift */; };
		C7323BBC208A7A5800544816 /* AbstractRouter.swift in Sources */ = {isa = PBXBuildFile; fileRef = C7323BB5208A7A5800544816 /* AbstractRouter.swift */; };
		C7323BC4208A7E0A00544816 /* M5.swift in Sources */ = {isa = PBXBuildFile; fileRef = C7323BC3208A7E0A00544816 /* M5.swift */; };
		C7323BC8208A89DA00544816 /* Character.swift in Sources */ = {isa = PBXBuildFile; fileRef = C7323BC7208A89DA00544816 /* Character.swift */; };
		C7323BCA208A89E700544816 /* CharacterMapper.swift in Sources */ = {isa = PBXBuildFile; fileRef = C7323BC9208A89E700544816 /* CharacterMapper.swift */; };
		C7323BDA208A93BC00544816 /* ConnectionErrorController.swift in Sources */ = {isa = PBXBuildFile; fileRef = C7323BD3208A93BC00544816 /* ConnectionErrorController.swift */; };
		C7323BDB208A93BC00544816 /* ConnectionErrorView.swift in Sources */ = {isa = PBXBuildFile; fileRef = C7323BD4208A93BC00544816 /* ConnectionErrorView.swift */; };
		C7323BDC208A93BC00544816 /* ConnectionErrorView.xib in Resources */ = {isa = PBXBuildFile; fileRef = C7323BD5208A93BC00544816 /* ConnectionErrorView.xib */; };
		C7323BDD208A93BC00544816 /* LoadingController.swift in Sources */ = {isa = PBXBuildFile; fileRef = C7323BD7208A93BC00544816 /* LoadingController.swift */; };
		C7323BDE208A93BC00544816 /* LoadingView.xib in Resources */ = {isa = PBXBuildFile; fileRef = C7323BD8208A93BC00544816 /* LoadingView.xib */; };
		C7323BDF208A93BC00544816 /* LoadingView.swift in Sources */ = {isa = PBXBuildFile; fileRef = C7323BD9208A93BC00544816 /* LoadingView.swift */; };
		C7323BE2208A947A00544816 /* CustomNavigationBar.swift in Sources */ = {isa = PBXBuildFile; fileRef = C7323BE1208A947900544816 /* CustomNavigationBar.swift */; };
		C7323BE5208A947E00544816 /* CustomButton.swift in Sources */ = {isa = PBXBuildFile; fileRef = C7323BE4208A947E00544816 /* CustomButton.swift */; };
/* End PBXBuildFile section */

/* Begin PBXContainerItemProxy section */
		C7323B31208A64DC00544816 /* PBXContainerItemProxy */ = {
			isa = PBXContainerItemProxy;
			containerPortal = C7323B14208A64DC00544816 /* Project object */;
			proxyType = 1;
			remoteGlobalIDString = C7323B1B208A64DC00544816;
			remoteInfo = Marvel;
		};
		C7323B3C208A64DC00544816 /* PBXContainerItemProxy */ = {
			isa = PBXContainerItemProxy;
			containerPortal = C7323B14208A64DC00544816 /* Project object */;
			proxyType = 1;
			remoteGlobalIDString = C7323B1B208A64DC00544816;
			remoteInfo = Marvel;
		};
/* End PBXContainerItemProxy section */

/* Begin PBXFileReference section */
		2E2103BD486B6F5BC40DED11 /* Pods_MarvelUITests.framework */ = {isa = PBXFileReference; explicitFileType = wrapper.framework; includeInIndex = 0; path = Pods_MarvelUITests.framework; sourceTree = BUILT_PRODUCTS_DIR; };
		30778005912181A28EBAC83C /* Pods_MarvelTests.framework */ = {isa = PBXFileReference; explicitFileType = wrapper.framework; includeInIndex = 0; path = Pods_MarvelTests.framework; sourceTree = BUILT_PRODUCTS_DIR; };
		32AC2167E3C8923EA56B8054 /* Pods_Marvel.framework */ = {isa = PBXFileReference; explicitFileType = wrapper.framework; includeInIndex = 0; path = Pods_Marvel.framework; sourceTree = BUILT_PRODUCTS_DIR; };
		491827F70F482DBD022BADDA /* Pods-MarvelUITests.debug.xcconfig */ = {isa = PBXFileReference; includeInIndex = 1; lastKnownFileType = text.xcconfig; name = "Pods-MarvelUITests.debug.xcconfig"; path = "Pods/Target Support Files/Pods-MarvelUITests/Pods-MarvelUITests.debug.xcconfig"; sourceTree = "<group>"; };
		65C00F2AF6D102B200B052EC /* Pods-Marvel.debug.xcconfig */ = {isa = PBXFileReference; includeInIndex = 1; lastKnownFileType = text.xcconfig; name = "Pods-Marvel.debug.xcconfig"; path = "Pods/Target Support Files/Pods-Marvel/Pods-Marvel.debug.xcconfig"; sourceTree = "<group>"; };
		B32D3ACA208AE82200C5D1B5 /* MockAbstractNetworking.swift */ = {isa = PBXFileReference; fileEncoding = 4; lastKnownFileType = sourcecode.swift; path = MockAbstractNetworking.swift; sourceTree = "<group>"; };
		B3EFA9772130B199009C5A2D /* HomeCardCollectionViewCell.swift */ = {isa = PBXFileReference; fileEncoding = 4; lastKnownFileType = sourcecode.swift; path = HomeCardCollectionViewCell.swift; sourceTree = "<group>"; };
		B3EFA9782130B199009C5A2D /* HomeListCollectionViewCell.swift */ = {isa = PBXFileReference; fileEncoding = 4; lastKnownFileType = sourcecode.swift; path = HomeListCollectionViewCell.swift; sourceTree = "<group>"; };
		B3EFA97A2130B199009C5A2D /* DetailPresenter.swift */ = {isa = PBXFileReference; fileEncoding = 4; lastKnownFileType = sourcecode.swift; path = DetailPresenter.swift; sourceTree = "<group>"; };
		B3EFA97B2130B199009C5A2D /* DetailRouter.swift */ = {isa = PBXFileReference; fileEncoding = 4; lastKnownFileType = sourcecode.swift; path = DetailRouter.swift; sourceTree = "<group>"; };
		B3EFA97C2130B199009C5A2D /* DetailViewController.swift */ = {isa = PBXFileReference; fileEncoding = 4; lastKnownFileType = sourcecode.swift; path = DetailViewController.swift; sourceTree = "<group>"; };
		B3EFA97E2130B199009C5A2D /* HomeInteractor.swift */ = {isa = PBXFileReference; fileEncoding = 4; lastKnownFileType = sourcecode.swift; path = HomeInteractor.swift; sourceTree = "<group>"; };
		B3EFA97F2130B199009C5A2D /* HomePresenter.swift */ = {isa = PBXFileReference; fileEncoding = 4; lastKnownFileType = sourcecode.swift; path = HomePresenter.swift; sourceTree = "<group>"; };
		B3EFA9802130B199009C5A2D /* HomeRouter.swift */ = {isa = PBXFileReference; fileEncoding = 4; lastKnownFileType = sourcecode.swift; path = HomeRouter.swift; sourceTree = "<group>"; };
		B3EFA9812130B199009C5A2D /* HomeViewController.swift */ = {isa = PBXFileReference; fileEncoding = 4; lastKnownFileType = sourcecode.swift; path = HomeViewController.swift; sourceTree = "<group>"; };
		B3EFA9822130B199009C5A2D /* Main.storyboard */ = {isa = PBXFileReference; fileEncoding = 4; lastKnownFileType = file.storyboard; path = Main.storyboard; sourceTree = "<group>"; };
		B3EFA98D2130B37B009C5A2D /* InitialRouter.swift */ = {isa = PBXFileReference; lastKnownFileType = sourcecode.swift; path = InitialRouter.swift; sourceTree = "<group>"; };
		C7323B1C208A64DC00544816 /* Marvel.app */ = {isa = PBXFileReference; explicitFileType = wrapper.application; includeInIndex = 0; path = Marvel.app; sourceTree = BUILT_PRODUCTS_DIR; };
		C7323B2B208A64DC00544816 /* Info.plist */ = {isa = PBXFileReference; lastKnownFileType = text.plist.xml; path = Info.plist; sourceTree = "<group>"; };
		C7323B30208A64DC00544816 /* MarvelTests.xctest */ = {isa = PBXFileReference; explicitFileType = wrapper.cfbundle; includeInIndex = 0; path = MarvelTests.xctest; sourceTree = BUILT_PRODUCTS_DIR; };
		C7323B34208A64DC00544816 /* MarvelTests.swift */ = {isa = PBXFileReference; lastKnownFileType = sourcecode.swift; path = MarvelTests.swift; sourceTree = "<group>"; };
		C7323B36208A64DC00544816 /* Info.plist */ = {isa = PBXFileReference; lastKnownFileType = text.plist.xml; path = Info.plist; sourceTree = "<group>"; };
		C7323B3B208A64DC00544816 /* MarvelUITests.xctest */ = {isa = PBXFileReference; explicitFileType = wrapper.cfbundle; includeInIndex = 0; path = MarvelUITests.xctest; sourceTree = BUILT_PRODUCTS_DIR; };
		C7323B3F208A64DC00544816 /* MarvelUITests.swift */ = {isa = PBXFileReference; lastKnownFileType = sourcecode.swift; path = MarvelUITests.swift; sourceTree = "<group>"; };
		C7323B41208A64DC00544816 /* Info.plist */ = {isa = PBXFileReference; lastKnownFileType = text.plist.xml; path = Info.plist; sourceTree = "<group>"; };
		C7323B4F208A651300544816 /* ConstantsService+EndPoint.swift */ = {isa = PBXFileReference; fileEncoding = 4; lastKnownFileType = sourcecode.swift; path = "ConstantsService+EndPoint.swift"; sourceTree = "<group>"; };
		C7323B50208A651300544816 /* ConstantsService.swift */ = {isa = PBXFileReference; fileEncoding = 4; lastKnownFileType = sourcecode.swift; path = ConstantsService.swift; sourceTree = "<group>"; };
		C7323B52208A651300544816 /* AlamofireImageNetworking.swift */ = {isa = PBXFileReference; fileEncoding = 4; lastKnownFileType = sourcecode.swift; path = AlamofireImageNetworking.swift; sourceTree = "<group>"; };
		C7323B53208A651300544816 /* AlamofireNetworking.swift */ = {isa = PBXFileReference; fileEncoding = 4; lastKnownFileType = sourcecode.swift; path = AlamofireNetworking.swift; sourceTree = "<group>"; };
		C7323B54208A651300544816 /* AbstractNetworking.swift */ = {isa = PBXFileReference; fileEncoding = 4; lastKnownFileType = sourcecode.swift; path = AbstractNetworking.swift; sourceTree = "<group>"; };
		C7323B56208A651300544816 /* NetworkingError.swift */ = {isa = PBXFileReference; fileEncoding = 4; lastKnownFileType = sourcecode.swift; path = NetworkingError.swift; sourceTree = "<group>"; };
		C7323B59208A651300544816 /* AbstractResponse.swift */ = {isa = PBXFileReference; fileEncoding = 4; lastKnownFileType = sourcecode.swift; path = AbstractResponse.swift; sourceTree = "<group>"; };
		C7323B5A208A651300544816 /* AbstractRequest.swift */ = {isa = PBXFileReference; fileEncoding = 4; lastKnownFileType = sourcecode.swift; path = AbstractRequest.swift; sourceTree = "<group>"; };
		C7323B66208A651300544816 /* CharactersResponse.swift */ = {isa = PBXFileReference; fileEncoding = 4; lastKnownFileType = sourcecode.swift; path = CharactersResponse.swift; sourceTree = "<group>"; };
		C7323B67208A651300544816 /* CharactersRequest.swift */ = {isa = PBXFileReference; fileEncoding = 4; lastKnownFileType = sourcecode.swift; path = CharactersRequest.swift; sourceTree = "<group>"; };
		C7323B68208A651300544816 /* CharactersAPI.swift */ = {isa = PBXFileReference; fileEncoding = 4; lastKnownFileType = sourcecode.swift; path = CharactersAPI.swift; sourceTree = "<group>"; };
		C7323B69208A651300544816 /* ResultCharactersResponse.swift */ = {isa = PBXFileReference; fileEncoding = 4; lastKnownFileType = sourcecode.swift; path = ResultCharactersResponse.swift; sourceTree = "<group>"; };
		C7323B6B208A651300544816 /* APIInjector.swift */ = {isa = PBXFileReference; fileEncoding = 4; lastKnownFileType = sourcecode.swift; path = APIInjector.swift; sourceTree = "<group>"; };
		C7323B82208A653300544816 /* AppDelegate.swift */ = {isa = PBXFileReference; fileEncoding = 4; lastKnownFileType = sourcecode.swift; path = AppDelegate.swift; sourceTree = "<group>"; };
		C7323B88208A657F00544816 /* Assets.xcassets */ = {isa = PBXFileReference; lastKnownFileType = folder.assetcatalog; path = Assets.xcassets; sourceTree = "<group>"; };
		C7323B8F208A65E500544816 /* Base */ = {isa = PBXFileReference; lastKnownFileType = file.storyboard; name = Base; path = Base.lproj/LaunchScreen.storyboard; sourceTree = "<group>"; };
		C7323BA8208A7A5800544816 /* Constants.swift */ = {isa = PBXFileReference; fileEncoding = 4; lastKnownFileType = sourcecode.swift; path = Constants.swift; sourceTree = "<group>"; };
		C7323BAA208A7A5800544816 /* Constants+FontSize.swift */ = {isa = PBXFileReference; fileEncoding = 4; lastKnownFileType = sourcecode.swift; path = "Constants+FontSize.swift"; sourceTree = "<group>"; };
		C7323BAD208A7A5800544816 /* UIScreen+ViewSize.swift */ = {isa = PBXFileReference; fileEncoding = 4; lastKnownFileType = sourcecode.swift; path = "UIScreen+ViewSize.swift"; sourceTree = "<group>"; };
		C7323BAF208A7A5800544816 /* Application+PropertyAccess.swift */ = {isa = PBXFileReference; fileEncoding = 4; lastKnownFileType = sourcecode.swift; path = "Application+PropertyAccess.swift"; sourceTree = "<group>"; };
		C7323BB1208A7A5800544816 /* UIColors+Palette.swift */ = {isa = PBXFileReference; fileEncoding = 4; lastKnownFileType = sourcecode.swift; path = "UIColors+Palette.swift"; sourceTree = "<group>"; };
		C7323BB3208A7A5800544816 /* UIFont+Pacifico+FontWeight.swift */ = {isa = PBXFileReference; fileEncoding = 4; lastKnownFileType = sourcecode.swift; path = "UIFont+Pacifico+FontWeight.swift"; sourceTree = "<group>"; };
		C7323BB5208A7A5800544816 /* AbstractRouter.swift */ = {isa = PBXFileReference; fileEncoding = 4; lastKnownFileType = sourcecode.swift; path = AbstractRouter.swift; sourceTree = "<group>"; };
		C7323BC1208A7DBD00544816 /* Marvel-Bridging-Header.h */ = {isa = PBXFileReference; lastKnownFileType = sourcecode.c.h; path = "Marvel-Bridging-Header.h"; sourceTree = "<group>"; };
		C7323BC3208A7E0A00544816 /* M5.swift */ = {isa = PBXFileReference; lastKnownFileType = sourcecode.swift; path = M5.swift; sourceTree = "<group>"; };
		C7323BC7208A89DA00544816 /* Character.swift */ = {isa = PBXFileReference; lastKnownFileType = sourcecode.swift; path = Character.swift; sourceTree = "<group>"; };
		C7323BC9208A89E700544816 /* CharacterMapper.swift */ = {isa = PBXFileReference; lastKnownFileType = sourcecode.swift; path = CharacterMapper.swift; sourceTree = "<group>"; };
		C7323BD3208A93BC00544816 /* ConnectionErrorController.swift */ = {isa = PBXFileReference; fileEncoding = 4; lastKnownFileType = sourcecode.swift; path = ConnectionErrorController.swift; sourceTree = "<group>"; };
		C7323BD4208A93BC00544816 /* ConnectionErrorView.swift */ = {isa = PBXFileReference; fileEncoding = 4; lastKnownFileType = sourcecode.swift; path = ConnectionErrorView.swift; sourceTree = "<group>"; };
		C7323BD5208A93BC00544816 /* ConnectionErrorView.xib */ = {isa = PBXFileReference; fileEncoding = 4; lastKnownFileType = file.xib; path = ConnectionErrorView.xib; sourceTree = "<group>"; };
		C7323BD7208A93BC00544816 /* LoadingController.swift */ = {isa = PBXFileReference; fileEncoding = 4; lastKnownFileType = sourcecode.swift; path = LoadingController.swift; sourceTree = "<group>"; };
		C7323BD8208A93BC00544816 /* LoadingView.xib */ = {isa = PBXFileReference; fileEncoding = 4; lastKnownFileType = file.xib; path = LoadingView.xib; sourceTree = "<group>"; };
		C7323BD9208A93BC00544816 /* LoadingView.swift */ = {isa = PBXFileReference; fileEncoding = 4; lastKnownFileType = sourcecode.swift; path = LoadingView.swift; sourceTree = "<group>"; };
		C7323BE1208A947900544816 /* CustomNavigationBar.swift */ = {isa = PBXFileReference; fileEncoding = 4; lastKnownFileType = sourcecode.swift; path = CustomNavigationBar.swift; sourceTree = "<group>"; };
		C7323BE4208A947E00544816 /* CustomButton.swift */ = {isa = PBXFileReference; fileEncoding = 4; lastKnownFileType = sourcecode.swift; path = CustomButton.swift; sourceTree = "<group>"; };
		DA2B49E8B4B3830E1BA3A6DC /* Pods-MarvelTests.debug.xcconfig */ = {isa = PBXFileReference; includeInIndex = 1; lastKnownFileType = text.xcconfig; name = "Pods-MarvelTests.debug.xcconfig"; path = "Pods/Target Support Files/Pods-MarvelTests/Pods-MarvelTests.debug.xcconfig"; sourceTree = "<group>"; };
		E46D18BCBFB550E7D9AE3075 /* Pods-MarvelUITests.release.xcconfig */ = {isa = PBXFileReference; includeInIndex = 1; lastKnownFileType = text.xcconfig; name = "Pods-MarvelUITests.release.xcconfig"; path = "Pods/Target Support Files/Pods-MarvelUITests/Pods-MarvelUITests.release.xcconfig"; sourceTree = "<group>"; };
		F0F019DA23458E958495470A /* Pods-Marvel.release.xcconfig */ = {isa = PBXFileReference; includeInIndex = 1; lastKnownFileType = text.xcconfig; name = "Pods-Marvel.release.xcconfig"; path = "Pods/Target Support Files/Pods-Marvel/Pods-Marvel.release.xcconfig"; sourceTree = "<group>"; };
		F608EAFC292E4EF38D16853F /* Pods-MarvelTests.release.xcconfig */ = {isa = PBXFileReference; includeInIndex = 1; lastKnownFileType = text.xcconfig; name = "Pods-MarvelTests.release.xcconfig"; path = "Pods/Target Support Files/Pods-MarvelTests/Pods-MarvelTests.release.xcconfig"; sourceTree = "<group>"; };
/* End PBXFileReference section */

/* Begin PBXFrameworksBuildPhase section */
		C7323B19208A64DC00544816 /* Frameworks */ = {
			isa = PBXFrameworksBuildPhase;
			buildActionMask = 2147483647;
			files = (
				3E9783B92E9FC10A0C5014D1 /* Pods_Marvel.framework in Frameworks */,
			);
			runOnlyForDeploymentPostprocessing = 0;
		};
		C7323B2D208A64DC00544816 /* Frameworks */ = {
			isa = PBXFrameworksBuildPhase;
			buildActionMask = 2147483647;
			files = (
				C63D14C0F78D3A90A4CFBD1C /* Pods_MarvelTests.framework in Frameworks */,
			);
			runOnlyForDeploymentPostprocessing = 0;
		};
		C7323B38208A64DC00544816 /* Frameworks */ = {
			isa = PBXFrameworksBuildPhase;
			buildActionMask = 2147483647;
			files = (
				76983E88C96002ACBBD34FA8 /* Pods_MarvelUITests.framework in Frameworks */,
			);
			runOnlyForDeploymentPostprocessing = 0;
		};
/* End PBXFrameworksBuildPhase section */

/* Begin PBXGroup section */
		2F45D9B2065A90A68B4778F9 /* Frameworks */ = {
			isa = PBXGroup;
			children = (
				32AC2167E3C8923EA56B8054 /* Pods_Marvel.framework */,
				30778005912181A28EBAC83C /* Pods_MarvelTests.framework */,
				2E2103BD486B6F5BC40DED11 /* Pods_MarvelUITests.framework */,
			);
			name = Frameworks;
			sourceTree = "<group>";
		};
		345DF11ABC064FA13F6325B3 /* Pods */ = {
			isa = PBXGroup;
			children = (
				65C00F2AF6D102B200B052EC /* Pods-Marvel.debug.xcconfig */,
				F0F019DA23458E958495470A /* Pods-Marvel.release.xcconfig */,
				DA2B49E8B4B3830E1BA3A6DC /* Pods-MarvelTests.debug.xcconfig */,
				F608EAFC292E4EF38D16853F /* Pods-MarvelTests.release.xcconfig */,
				491827F70F482DBD022BADDA /* Pods-MarvelUITests.debug.xcconfig */,
				E46D18BCBFB550E7D9AE3075 /* Pods-MarvelUITests.release.xcconfig */,
			);
			name = Pods;
			sourceTree = "<group>";
		};
		B3EFA9742130B199009C5A2D /* Storyboards */ = {
			isa = PBXGroup;
			children = (
				B3EFA9752130B199009C5A2D /* Main */,
			);
			path = Storyboards;
			sourceTree = "<group>";
		};
		B3EFA9752130B199009C5A2D /* Main */ = {
			isa = PBXGroup;
			children = (
				B3EFA97D2130B199009C5A2D /* 1-Home */,
				B3EFA9792130B199009C5A2D /* 2-Detail */,
				B3EFA9762130B199009C5A2D /* Components */,
				B3EFA9822130B199009C5A2D /* Main.storyboard */,
			);
			path = Main;
			sourceTree = "<group>";
		};
		B3EFA9762130B199009C5A2D /* Components */ = {
			isa = PBXGroup;
			children = (
				B3EFA9772130B199009C5A2D /* HomeCardCollectionViewCell.swift */,
				B3EFA9782130B199009C5A2D /* HomeListCollectionViewCell.swift */,
			);
			path = Components;
			sourceTree = "<group>";
		};
		B3EFA9792130B199009C5A2D /* 2-Detail */ = {
			isa = PBXGroup;
			children = (
				B3EFA97A2130B199009C5A2D /* DetailPresenter.swift */,
				B3EFA97B2130B199009C5A2D /* DetailRouter.swift */,
				B3EFA97C2130B199009C5A2D /* DetailViewController.swift */,
			);
			path = "2-Detail";
			sourceTree = "<group>";
		};
		B3EFA97D2130B199009C5A2D /* 1-Home */ = {
			isa = PBXGroup;
			children = (
				B3EFA97E2130B199009C5A2D /* HomeInteractor.swift */,
				B3EFA97F2130B199009C5A2D /* HomePresenter.swift */,
				B3EFA9802130B199009C5A2D /* HomeRouter.swift */,
				B3EFA9812130B199009C5A2D /* HomeViewController.swift */,
			);
			path = "1-Home";
			sourceTree = "<group>";
		};
		C7323B13208A64DC00544816 = {
			isa = PBXGroup;
			children = (
				C7323B1E208A64DC00544816 /* Marvel */,
				C7323B33208A64DC00544816 /* MarvelTests */,
				C7323B3E208A64DC00544816 /* MarvelUITests */,
				C7323B1D208A64DC00544816 /* Products */,
				345DF11ABC064FA13F6325B3 /* Pods */,
				2F45D9B2065A90A68B4778F9 /* Frameworks */,
			);
			sourceTree = "<group>";
		};
		C7323B1D208A64DC00544816 /* Products */ = {
			isa = PBXGroup;
			children = (
				C7323B1C208A64DC00544816 /* Marvel.app */,
				C7323B30208A64DC00544816 /* MarvelTests.xctest */,
				C7323B3B208A64DC00544816 /* MarvelUITests.xctest */,
			);
			name = Products;
			sourceTree = "<group>";
		};
		C7323B1E208A64DC00544816 /* Marvel */ = {
			isa = PBXGroup;
			children = (
				C7323B81208A652400544816 /* Application */,
				C7323B4D208A651200544816 /* API */,
				C7323BC5208A89A000544816 /* Entity */,
				C7323BA6208A7A5800544816 /* Library */,
				C7323B8B208A65B200544816 /* Module */,
				C7323B84208A657F00544816 /* Resources */,
				C7323B2B208A64DC00544816 /* Info.plist */,
				C7323B8E208A65E500544816 /* LaunchScreen.storyboard */,
			);
			path = Marvel;
			sourceTree = "<group>";
		};
		C7323B33208A64DC00544816 /* MarvelTests */ = {
			isa = PBXGroup;
			children = (
				B32D3ACA208AE82200C5D1B5 /* MockAbstractNetworking.swift */,
				C7323B34208A64DC00544816 /* MarvelTests.swift */,
				C7323B36208A64DC00544816 /* Info.plist */,
			);
			path = MarvelTests;
			sourceTree = "<group>";
		};
		C7323B3E208A64DC00544816 /* MarvelUITests */ = {
			isa = PBXGroup;
			children = (
				C7323B3F208A64DC00544816 /* MarvelUITests.swift */,
				C7323B41208A64DC00544816 /* Info.plist */,
			);
			path = MarvelUITests;
			sourceTree = "<group>";
		};
		C7323B4D208A651200544816 /* API */ = {
			isa = PBXGroup;
			children = (
				C7323B4E208A651200544816 /* EndPoints */,
				C7323B51208A651300544816 /* Networking */,
				C7323B55208A651300544816 /* Error */,
				C7323B57208A651300544816 /* Services */,
				C7323B6A208A651300544816 /* Injector */,
			);
			path = API;
			sourceTree = "<group>";
		};
		C7323B4E208A651200544816 /* EndPoints */ = {
			isa = PBXGroup;
			children = (
				C7323B4F208A651300544816 /* ConstantsService+EndPoint.swift */,
				C7323B50208A651300544816 /* ConstantsService.swift */,
			);
			path = EndPoints;
			sourceTree = "<group>";
		};
		C7323B51208A651300544816 /* Networking */ = {
			isa = PBXGroup;
			children = (
				C7323B52208A651300544816 /* AlamofireImageNetworking.swift */,
				C7323B53208A651300544816 /* AlamofireNetworking.swift */,
				C7323B54208A651300544816 /* AbstractNetworking.swift */,
			);
			path = Networking;
			sourceTree = "<group>";
		};
		C7323B55208A651300544816 /* Error */ = {
			isa = PBXGroup;
			children = (
				C7323B56208A651300544816 /* NetworkingError.swift */,
			);
			path = Error;
			sourceTree = "<group>";
		};
		C7323B57208A651300544816 /* Services */ = {
			isa = PBXGroup;
			children = (
				C7323B58208A651300544816 /* Abstract */,
				C7323B65208A651300544816 /* Characters */,
			);
			path = Services;
			sourceTree = "<group>";
		};
		C7323B58208A651300544816 /* Abstract */ = {
			isa = PBXGroup;
			children = (
				C7323B59208A651300544816 /* AbstractResponse.swift */,
				C7323B5A208A651300544816 /* AbstractRequest.swift */,
			);
			path = Abstract;
			sourceTree = "<group>";
		};
		C7323B65208A651300544816 /* Characters */ = {
			isa = PBXGroup;
			children = (
				C7323B66208A651300544816 /* CharactersResponse.swift */,
				C7323B67208A651300544816 /* CharactersRequest.swift */,
				C7323B68208A651300544816 /* CharactersAPI.swift */,
				C7323B69208A651300544816 /* ResultCharactersResponse.swift */,
			);
			path = Characters;
			sourceTree = "<group>";
		};
		C7323B6A208A651300544816 /* Injector */ = {
			isa = PBXGroup;
			children = (
				C7323B6B208A651300544816 /* APIInjector.swift */,
			);
			path = Injector;
			sourceTree = "<group>";
		};
		C7323B81208A652400544816 /* Application */ = {
			isa = PBXGroup;
			children = (
				C7323BC1208A7DBD00544816 /* Marvel-Bridging-Header.h */,
				C7323B82208A653300544816 /* AppDelegate.swift */,
				B3EFA98D2130B37B009C5A2D /* InitialRouter.swift */,
			);
			path = Application;
			sourceTree = "<group>";
		};
		C7323B84208A657F00544816 /* Resources */ = {
			isa = PBXGroup;
			children = (
				C7323BD1208A93BC00544816 /* UI */,
				C7323B87208A657F00544816 /* Images */,
			);
			path = Resources;
			sourceTree = "<group>";
		};
		C7323B87208A657F00544816 /* Images */ = {
			isa = PBXGroup;
			children = (
				C7323B88208A657F00544816 /* Assets.xcassets */,
			);
			path = Images;
			sourceTree = "<group>";
		};
		C7323B8B208A65B200544816 /* Module */ = {
			isa = PBXGroup;
			children = (
				B3EFA9742130B199009C5A2D /* Storyboards */,
			);
			path = Module;
			sourceTree = "<group>";
		};
		C7323BA6208A7A5800544816 /* Library */ = {
			isa = PBXGroup;
			children = (
				C7323BC2208A7DFE00544816 /* Encrypt */,
				C7323BA7208A7A5800544816 /* Constants */,
				C7323BAB208A7A5800544816 /* Extensions */,
				C7323BB4208A7A5800544816 /* Abstracts */,
			);
			path = Library;
			sourceTree = "<group>";
		};
		C7323BA7208A7A5800544816 /* Constants */ = {
			isa = PBXGroup;
			children = (
				C7323BA8208A7A5800544816 /* Constants.swift */,
				C7323BA9208A7A5800544816 /* Font */,
			);
			path = Constants;
			sourceTree = "<group>";
		};
		C7323BA9208A7A5800544816 /* Font */ = {
			isa = PBXGroup;
			children = (
				C7323BAA208A7A5800544816 /* Constants+FontSize.swift */,
			);
			path = Font;
			sourceTree = "<group>";
		};
		C7323BAB208A7A5800544816 /* Extensions */ = {
			isa = PBXGroup;
			children = (
				C7323BAC208A7A5800544816 /* UIScreen */,
				C7323BAE208A7A5800544816 /* UIApplication */,
				C7323BB0208A7A5800544816 /* UIColor */,
				C7323BB2208A7A5800544816 /* UIFont */,
			);
			path = Extensions;
			sourceTree = "<group>";
		};
		C7323BAC208A7A5800544816 /* UIScreen */ = {
			isa = PBXGroup;
			children = (
				C7323BAD208A7A5800544816 /* UIScreen+ViewSize.swift */,
			);
			path = UIScreen;
			sourceTree = "<group>";
		};
		C7323BAE208A7A5800544816 /* UIApplication */ = {
			isa = PBXGroup;
			children = (
				C7323BAF208A7A5800544816 /* Application+PropertyAccess.swift */,
			);
			path = UIApplication;
			sourceTree = "<group>";
		};
		C7323BB0208A7A5800544816 /* UIColor */ = {
			isa = PBXGroup;
			children = (
				C7323BB1208A7A5800544816 /* UIColors+Palette.swift */,
			);
			path = UIColor;
			sourceTree = "<group>";
		};
		C7323BB2208A7A5800544816 /* UIFont */ = {
			isa = PBXGroup;
			children = (
				C7323BB3208A7A5800544816 /* UIFont+Pacifico+FontWeight.swift */,
			);
			path = UIFont;
			sourceTree = "<group>";
		};
		C7323BB4208A7A5800544816 /* Abstracts */ = {
			isa = PBXGroup;
			children = (
				C7323BB5208A7A5800544816 /* AbstractRouter.swift */,
			);
			path = Abstracts;
			sourceTree = "<group>";
		};
		C7323BC2208A7DFE00544816 /* Encrypt */ = {
			isa = PBXGroup;
			children = (
				C7323BC3208A7E0A00544816 /* M5.swift */,
			);
			path = Encrypt;
			sourceTree = "<group>";
		};
		C7323BC5208A89A000544816 /* Entity */ = {
			isa = PBXGroup;
			children = (
				C7323BC6208A89D000544816 /* Character */,
			);
			path = Entity;
			sourceTree = "<group>";
		};
		C7323BC6208A89D000544816 /* Character */ = {
			isa = PBXGroup;
			children = (
				C7323BC7208A89DA00544816 /* Character.swift */,
				C7323BC9208A89E700544816 /* CharacterMapper.swift */,
			);
			path = Character;
			sourceTree = "<group>";
		};
		C7323BD1208A93BC00544816 /* UI */ = {
			isa = PBXGroup;
			children = (
				C7323BE3208A947E00544816 /* Button */,
				C7323BE0208A947900544816 /* NavigationBar */,
				C7323BD2208A93BC00544816 /* ConnectionError */,
				C7323BD6208A93BC00544816 /* Loader */,
			);
			path = UI;
			sourceTree = "<group>";
		};
		C7323BD2208A93BC00544816 /* ConnectionError */ = {
			isa = PBXGroup;
			children = (
				C7323BD3208A93BC00544816 /* ConnectionErrorController.swift */,
				C7323BD4208A93BC00544816 /* ConnectionErrorView.swift */,
				C7323BD5208A93BC00544816 /* ConnectionErrorView.xib */,
			);
			path = ConnectionError;
			sourceTree = "<group>";
		};
		C7323BD6208A93BC00544816 /* Loader */ = {
			isa = PBXGroup;
			children = (
				C7323BD7208A93BC00544816 /* LoadingController.swift */,
				C7323BD8208A93BC00544816 /* LoadingView.xib */,
				C7323BD9208A93BC00544816 /* LoadingView.swift */,
			);
			path = Loader;
			sourceTree = "<group>";
		};
		C7323BE0208A947900544816 /* NavigationBar */ = {
			isa = PBXGroup;
			children = (
				C7323BE1208A947900544816 /* CustomNavigationBar.swift */,
			);
			path = NavigationBar;
			sourceTree = "<group>";
		};
		C7323BE3208A947E00544816 /* Button */ = {
			isa = PBXGroup;
			children = (
				C7323BE4208A947E00544816 /* CustomButton.swift */,
			);
			path = Button;
			sourceTree = "<group>";
		};
/* End PBXGroup section */

/* Begin PBXNativeTarget section */
		C7323B1B208A64DC00544816 /* Marvel */ = {
			isa = PBXNativeTarget;
			buildConfigurationList = C7323B44208A64DC00544816 /* Build configuration list for PBXNativeTarget "Marvel" */;
			buildPhases = (
				FDF49DF45047B58C75F3BA1E /* [CP] Check Pods Manifest.lock */,
				C7323B18208A64DC00544816 /* Sources */,
				C7323B19208A64DC00544816 /* Frameworks */,
				C7323B1A208A64DC00544816 /* Resources */,
				03E18240DE928A498330B8F2 /* [CP] Embed Pods Frameworks */,
			);
			buildRules = (
			);
			dependencies = (
			);
			name = Marvel;
			productName = Marvel;
			productReference = C7323B1C208A64DC00544816 /* Marvel.app */;
			productType = "com.apple.product-type.application";
		};
		C7323B2F208A64DC00544816 /* MarvelTests */ = {
			isa = PBXNativeTarget;
			buildConfigurationList = C7323B47208A64DC00544816 /* Build configuration list for PBXNativeTarget "MarvelTests" */;
			buildPhases = (
				23D7919F42EAB2D03ECCC5E4 /* [CP] Check Pods Manifest.lock */,
				C7323B2C208A64DC00544816 /* Sources */,
				C7323B2D208A64DC00544816 /* Frameworks */,
				C7323B2E208A64DC00544816 /* Resources */,
			);
			buildRules = (
			);
			dependencies = (
				C7323B32208A64DC00544816 /* PBXTargetDependency */,
			);
			name = MarvelTests;
			productName = MarvelTests;
			productReference = C7323B30208A64DC00544816 /* MarvelTests.xctest */;
			productType = "com.apple.product-type.bundle.unit-test";
		};
		C7323B3A208A64DC00544816 /* MarvelUITests */ = {
			isa = PBXNativeTarget;
			buildConfigurationList = C7323B4A208A64DC00544816 /* Build configuration list for PBXNativeTarget "MarvelUITests" */;
			buildPhases = (
				F59B8F40D3A485B1669F9EEC /* [CP] Check Pods Manifest.lock */,
				C7323B37208A64DC00544816 /* Sources */,
				C7323B38208A64DC00544816 /* Frameworks */,
				C7323B39208A64DC00544816 /* Resources */,
			);
			buildRules = (
			);
			dependencies = (
				C7323B3D208A64DC00544816 /* PBXTargetDependency */,
			);
			name = MarvelUITests;
			productName = MarvelUITests;
			productReference = C7323B3B208A64DC00544816 /* MarvelUITests.xctest */;
			productType = "com.apple.product-type.bundle.ui-testing";
		};
/* End PBXNativeTarget section */

/* Begin PBXProject section */
		C7323B14208A64DC00544816 /* Project object */ = {
			isa = PBXProject;
			attributes = {
				LastSwiftUpdateCheck = 0920;
				LastUpgradeCheck = 0920;
				ORGANIZATIONNAME = "Daniel Sousa";
				TargetAttributes = {
					C7323B1B208A64DC00544816 = {
						CreatedOnToolsVersion = 9.2;
						LastSwiftMigration = 0920;
						ProvisioningStyle = Automatic;
					};
					C7323B2F208A64DC00544816 = {
						CreatedOnToolsVersion = 9.2;
						ProvisioningStyle = Automatic;
						TestTargetID = C7323B1B208A64DC00544816;
					};
					C7323B3A208A64DC00544816 = {
						CreatedOnToolsVersion = 9.2;
						ProvisioningStyle = Automatic;
						TestTargetID = C7323B1B208A64DC00544816;
					};
				};
			};
			buildConfigurationList = C7323B17208A64DC00544816 /* Build configuration list for PBXProject "Marvel" */;
			compatibilityVersion = "Xcode 8.0";
			developmentRegion = en;
			hasScannedForEncodings = 0;
			knownRegions = (
				en,
				Base,
			);
			mainGroup = C7323B13208A64DC00544816;
			productRefGroup = C7323B1D208A64DC00544816 /* Products */;
			projectDirPath = "";
			projectRoot = "";
			targets = (
				C7323B1B208A64DC00544816 /* Marvel */,
				C7323B2F208A64DC00544816 /* MarvelTests */,
				C7323B3A208A64DC00544816 /* MarvelUITests */,
			);
		};
/* End PBXProject section */

/* Begin PBXResourcesBuildPhase section */
		C7323B1A208A64DC00544816 /* Resources */ = {
			isa = PBXResourcesBuildPhase;
			buildActionMask = 2147483647;
			files = (
				C7323B90208A65E500544816 /* LaunchScreen.storyboard in Resources */,
				B3EFA98C2130B199009C5A2D /* Main.storyboard in Resources */,
				C7323BDC208A93BC00544816 /* ConnectionErrorView.xib in Resources */,
				C7323B8A208A657F00544816 /* Assets.xcassets in Resources */,
				C7323BDE208A93BC00544816 /* LoadingView.xib in Resources */,
			);
			runOnlyForDeploymentPostprocessing = 0;
		};
		C7323B2E208A64DC00544816 /* Resources */ = {
			isa = PBXResourcesBuildPhase;
			buildActionMask = 2147483647;
			files = (
			);
			runOnlyForDeploymentPostprocessing = 0;
		};
		C7323B39208A64DC00544816 /* Resources */ = {
			isa = PBXResourcesBuildPhase;
			buildActionMask = 2147483647;
			files = (
			);
			runOnlyForDeploymentPostprocessing = 0;
		};
/* End PBXResourcesBuildPhase section */

/* Begin PBXShellScriptBuildPhase section */
		03E18240DE928A498330B8F2 /* [CP] Embed Pods Frameworks */ = {
			isa = PBXShellScriptBuildPhase;
			buildActionMask = 2147483647;
			files = (
			);
			inputPaths = (
				"${PODS_ROOT}/Target Support Files/Pods-Marvel/Pods-Marvel-frameworks.sh",
				"${BUILT_PRODUCTS_DIR}/Alamofire/Alamofire.framework",
				"${BUILT_PRODUCTS_DIR}/AlamofireImage/AlamofireImage.framework",
				"${BUILT_PRODUCTS_DIR}/AlamofireObjectMapper/AlamofireObjectMapper.framework",
				"${BUILT_PRODUCTS_DIR}/ObjectMapper/ObjectMapper.framework",
			);
			name = "[CP] Embed Pods Frameworks";
			outputPaths = (
				"${TARGET_BUILD_DIR}/${FRAMEWORKS_FOLDER_PATH}/Alamofire.framework",
				"${TARGET_BUILD_DIR}/${FRAMEWORKS_FOLDER_PATH}/AlamofireImage.framework",
				"${TARGET_BUILD_DIR}/${FRAMEWORKS_FOLDER_PATH}/AlamofireObjectMapper.framework",
				"${TARGET_BUILD_DIR}/${FRAMEWORKS_FOLDER_PATH}/ObjectMapper.framework",
			);
			runOnlyForDeploymentPostprocessing = 0;
			shellPath = /bin/sh;
			shellScript = "\"${PODS_ROOT}/Target Support Files/Pods-Marvel/Pods-Marvel-frameworks.sh\"\n";
			showEnvVarsInLog = 0;
		};
		23D7919F42EAB2D03ECCC5E4 /* [CP] Check Pods Manifest.lock */ = {
			isa = PBXShellScriptBuildPhase;
			buildActionMask = 2147483647;
			files = (
			);
			inputPaths = (
				"${PODS_PODFILE_DIR_PATH}/Podfile.lock",
				"${PODS_ROOT}/Manifest.lock",
			);
			name = "[CP] Check Pods Manifest.lock";
			outputPaths = (
				"$(DERIVED_FILE_DIR)/Pods-MarvelTests-checkManifestLockResult.txt",
			);
			runOnlyForDeploymentPostprocessing = 0;
			shellPath = /bin/sh;
			shellScript = "diff \"${PODS_PODFILE_DIR_PATH}/Podfile.lock\" \"${PODS_ROOT}/Manifest.lock\" > /dev/null\nif [ $? != 0 ] ; then\n    # print error to STDERR\n    echo \"error: The sandbox is not in sync with the Podfile.lock. Run 'pod install' or update your CocoaPods installation.\" >&2\n    exit 1\nfi\n# This output is used by Xcode 'outputs' to avoid re-running this script phase.\necho \"SUCCESS\" > \"${SCRIPT_OUTPUT_FILE_0}\"\n";
			showEnvVarsInLog = 0;
		};
		F59B8F40D3A485B1669F9EEC /* [CP] Check Pods Manifest.lock */ = {
			isa = PBXShellScriptBuildPhase;
			buildActionMask = 2147483647;
			files = (
			);
			inputPaths = (
				"${PODS_PODFILE_DIR_PATH}/Podfile.lock",
				"${PODS_ROOT}/Manifest.lock",
			);
			name = "[CP] Check Pods Manifest.lock";
			outputPaths = (
				"$(DERIVED_FILE_DIR)/Pods-MarvelUITests-checkManifestLockResult.txt",
			);
			runOnlyForDeploymentPostprocessing = 0;
			shellPath = /bin/sh;
			shellScript = "diff \"${PODS_PODFILE_DIR_PATH}/Podfile.lock\" \"${PODS_ROOT}/Manifest.lock\" > /dev/null\nif [ $? != 0 ] ; then\n    # print error to STDERR\n    echo \"error: The sandbox is not in sync with the Podfile.lock. Run 'pod install' or update your CocoaPods installation.\" >&2\n    exit 1\nfi\n# This output is used by Xcode 'outputs' to avoid re-running this script phase.\necho \"SUCCESS\" > \"${SCRIPT_OUTPUT_FILE_0}\"\n";
			showEnvVarsInLog = 0;
		};
		FDF49DF45047B58C75F3BA1E /* [CP] Check Pods Manifest.lock */ = {
			isa = PBXShellScriptBuildPhase;
			buildActionMask = 2147483647;
			files = (
			);
			inputPaths = (
				"${PODS_PODFILE_DIR_PATH}/Podfile.lock",
				"${PODS_ROOT}/Manifest.lock",
			);
			name = "[CP] Check Pods Manifest.lock";
			outputPaths = (
				"$(DERIVED_FILE_DIR)/Pods-Marvel-checkManifestLockResult.txt",
			);
			runOnlyForDeploymentPostprocessing = 0;
			shellPath = /bin/sh;
			shellScript = "diff \"${PODS_PODFILE_DIR_PATH}/Podfile.lock\" \"${PODS_ROOT}/Manifest.lock\" > /dev/null\nif [ $? != 0 ] ; then\n    # print error to STDERR\n    echo \"error: The sandbox is not in sync with the Podfile.lock. Run 'pod install' or update your CocoaPods installation.\" >&2\n    exit 1\nfi\n# This output is used by Xcode 'outputs' to avoid re-running this script phase.\necho \"SUCCESS\" > \"${SCRIPT_OUTPUT_FILE_0}\"\n";
			showEnvVarsInLog = 0;
		};
/* End PBXShellScriptBuildPhase section */

/* Begin PBXSourcesBuildPhase section */
		C7323B18208A64DC00544816 /* Sources */ = {
			isa = PBXSourcesBuildPhase;
			buildActionMask = 2147483647;
			files = (
				C7323BDA208A93BC00544816 /* ConnectionErrorController.swift in Sources */,
				C7323BBB208A7A5800544816 /* UIFont+Pacifico+FontWeight.swift in Sources */,
				C7323BC8208A89DA00544816 /* Character.swift in Sources */,
				C7323BCA208A89E700544816 /* CharacterMapper.swift in Sources */,
				C7323BDF208A93BC00544816 /* LoadingView.swift in Sources */,
				C7323BBC208A7A5800544816 /* AbstractRouter.swift in Sources */,
				C7323B7D208A651300544816 /* CharactersRequest.swift in Sources */,
				C7323BBA208A7A5800544816 /* UIColors+Palette.swift in Sources */,
				C7323B6C208A651300544816 /* ConstantsService+EndPoint.swift in Sources */,
				C7323B7E208A651300544816 /* CharactersAPI.swift in Sources */,
				C7323BB6208A7A5800544816 /* Constants.swift in Sources */,
				B3EFA98B2130B199009C5A2D /* HomeViewController.swift in Sources */,
				C7323BDD208A93BC00544816 /* LoadingController.swift in Sources */,
				C7323B71208A651300544816 /* NetworkingError.swift in Sources */,
				C7323B7F208A651300544816 /* ResultCharactersResponse.swift in Sources */,
				B3EFA9842130B199009C5A2D /* HomeListCollectionViewCell.swift in Sources */,
				B3EFA9882130B199009C5A2D /* HomeInteractor.swift in Sources */,
				C7323B72208A651300544816 /* AbstractResponse.swift in Sources */,
				B3EFA9892130B199009C5A2D /* HomePresenter.swift in Sources */,
				C7323B6E208A651300544816 /* AlamofireImageNetworking.swift in Sources */,
				C7323BC4208A7E0A00544816 /* M5.swift in Sources */,
				C7323BB9208A7A5800544816 /* Application+PropertyAccess.swift in Sources */,
				C7323B70208A651300544816 /* AbstractNetworking.swift in Sources */,
				C7323BB7208A7A5800544816 /* Constants+FontSize.swift in Sources */,
				B3EFA98A2130B199009C5A2D /* HomeRouter.swift in Sources */,
				B3EFA98E2130B37B009C5A2D /* InitialRouter.swift in Sources */,
				C7323BE5208A947E00544816 /* CustomButton.swift in Sources */,
				C7323B6F208A651300544816 /* AlamofireNetworking.swift in Sources */,
				C7323BB8208A7A5800544816 /* UIScreen+ViewSize.swift in Sources */,
				B3EFA9832130B199009C5A2D /* HomeCardCollectionViewCell.swift in Sources */,
				C7323BDB208A93BC00544816 /* ConnectionErrorView.swift in Sources */,
				B3EFA9852130B199009C5A2D /* DetailPresenter.swift in Sources */,
				B3EFA9872130B199009C5A2D /* DetailViewController.swift in Sources */,
				C7323B6D208A651300544816 /* ConstantsService.swift in Sources */,
				C7323B73208A651300544816 /* AbstractRequest.swift in Sources */,
				C7323B80208A651300544816 /* APIInjector.swift in Sources */,
				C7323BE2208A947A00544816 /* CustomNavigationBar.swift in Sources */,
				B3EFA9862130B199009C5A2D /* DetailRouter.swift in Sources */,
				C7323B7C208A651300544816 /* CharactersResponse.swift in Sources */,
				C7323B83208A653300544816 /* AppDelegate.swift in Sources */,
			);
			runOnlyForDeploymentPostprocessing = 0;
		};
		C7323B2C208A64DC00544816 /* Sources */ = {
			isa = PBXSourcesBuildPhase;
			buildActionMask = 2147483647;
			files = (
				C7323B35208A64DC00544816 /* MarvelTests.swift in Sources */,
				B32D3ACB208AE82300C5D1B5 /* MockAbstractNetworking.swift in Sources */,
			);
			runOnlyForDeploymentPostprocessing = 0;
		};
		C7323B37208A64DC00544816 /* Sources */ = {
			isa = PBXSourcesBuildPhase;
			buildActionMask = 2147483647;
			files = (
				C7323B40208A64DC00544816 /* MarvelUITests.swift in Sources */,
			);
			runOnlyForDeploymentPostprocessing = 0;
		};
/* End PBXSourcesBuildPhase section */

/* Begin PBXTargetDependency section */
		C7323B32208A64DC00544816 /* PBXTargetDependency */ = {
			isa = PBXTargetDependency;
			target = C7323B1B208A64DC00544816 /* Marvel */;
			targetProxy = C7323B31208A64DC00544816 /* PBXContainerItemProxy */;
		};
		C7323B3D208A64DC00544816 /* PBXTargetDependency */ = {
			isa = PBXTargetDependency;
			target = C7323B1B208A64DC00544816 /* Marvel */;
			targetProxy = C7323B3C208A64DC00544816 /* PBXContainerItemProxy */;
		};
/* End PBXTargetDependency section */

/* Begin PBXVariantGroup section */
		C7323B8E208A65E500544816 /* LaunchScreen.storyboard */ = {
			isa = PBXVariantGroup;
			children = (
				C7323B8F208A65E500544816 /* Base */,
			);
			name = LaunchScreen.storyboard;
			sourceTree = "<group>";
		};
/* End PBXVariantGroup section */

/* Begin XCBuildConfiguration section */
		C7323B42208A64DC00544816 /* Debug */ = {
			isa = XCBuildConfiguration;
			buildSettings = {
				ALWAYS_SEARCH_USER_PATHS = NO;
				CLANG_ANALYZER_NONNULL = YES;
				CLANG_ANALYZER_NUMBER_OBJECT_CONVERSION = YES_AGGRESSIVE;
				CLANG_CXX_LANGUAGE_STANDARD = "gnu++14";
				CLANG_CXX_LIBRARY = "libc++";
				CLANG_ENABLE_MODULES = YES;
				CLANG_ENABLE_OBJC_ARC = YES;
				CLANG_WARN_BLOCK_CAPTURE_AUTORELEASING = YES;
				CLANG_WARN_BOOL_CONVERSION = YES;
				CLANG_WARN_COMMA = YES;
				CLANG_WARN_CONSTANT_CONVERSION = YES;
				CLANG_WARN_DIRECT_OBJC_ISA_USAGE = YES_ERROR;
				CLANG_WARN_DOCUMENTATION_COMMENTS = YES;
				CLANG_WARN_EMPTY_BODY = YES;
				CLANG_WARN_ENUM_CONVERSION = YES;
				CLANG_WARN_INFINITE_RECURSION = YES;
				CLANG_WARN_INT_CONVERSION = YES;
				CLANG_WARN_NON_LITERAL_NULL_CONVERSION = YES;
				CLANG_WARN_OBJC_LITERAL_CONVERSION = YES;
				CLANG_WARN_OBJC_ROOT_CLASS = YES_ERROR;
				CLANG_WARN_RANGE_LOOP_ANALYSIS = YES;
				CLANG_WARN_STRICT_PROTOTYPES = YES;
				CLANG_WARN_SUSPICIOUS_MOVE = YES;
				CLANG_WARN_UNGUARDED_AVAILABILITY = YES_AGGRESSIVE;
				CLANG_WARN_UNREACHABLE_CODE = YES;
				CLANG_WARN__DUPLICATE_METHOD_MATCH = YES;
				CODE_SIGN_IDENTITY = "iPhone Developer";
				COPY_PHASE_STRIP = NO;
				DEBUG_INFORMATION_FORMAT = dwarf;
				ENABLE_STRICT_OBJC_MSGSEND = YES;
				ENABLE_TESTABILITY = YES;
				GCC_C_LANGUAGE_STANDARD = gnu11;
				GCC_DYNAMIC_NO_PIC = NO;
				GCC_NO_COMMON_BLOCKS = YES;
				GCC_OPTIMIZATION_LEVEL = 0;
				GCC_PREPROCESSOR_DEFINITIONS = (
					"DEBUG=1",
					"$(inherited)",
				);
				GCC_WARN_64_TO_32_BIT_CONVERSION = YES;
				GCC_WARN_ABOUT_RETURN_TYPE = YES_ERROR;
				GCC_WARN_UNDECLARED_SELECTOR = YES;
				GCC_WARN_UNINITIALIZED_AUTOS = YES_AGGRESSIVE;
				GCC_WARN_UNUSED_FUNCTION = YES;
				GCC_WARN_UNUSED_VARIABLE = YES;
				IPHONEOS_DEPLOYMENT_TARGET = 9.0;
				MTL_ENABLE_DEBUG_INFO = YES;
				ONLY_ACTIVE_ARCH = YES;
				SDKROOT = iphoneos;
				SWIFT_ACTIVE_COMPILATION_CONDITIONS = DEBUG;
				SWIFT_OPTIMIZATION_LEVEL = "-Onone";
				SWIFT_VERSION = 3.0;
			};
			name = Debug;
		};
		C7323B43208A64DC00544816 /* Release */ = {
			isa = XCBuildConfiguration;
			buildSettings = {
				ALWAYS_SEARCH_USER_PATHS = NO;
				CLANG_ANALYZER_NONNULL = YES;
				CLANG_ANALYZER_NUMBER_OBJECT_CONVERSION = YES_AGGRESSIVE;
				CLANG_CXX_LANGUAGE_STANDARD = "gnu++14";
				CLANG_CXX_LIBRARY = "libc++";
				CLANG_ENABLE_MODULES = YES;
				CLANG_ENABLE_OBJC_ARC = YES;
				CLANG_WARN_BLOCK_CAPTURE_AUTORELEASING = YES;
				CLANG_WARN_BOOL_CONVERSION = YES;
				CLANG_WARN_COMMA = YES;
				CLANG_WARN_CONSTANT_CONVERSION = YES;
				CLANG_WARN_DIRECT_OBJC_ISA_USAGE = YES_ERROR;
				CLANG_WARN_DOCUMENTATION_COMMENTS = YES;
				CLANG_WARN_EMPTY_BODY = YES;
				CLANG_WARN_ENUM_CONVERSION = YES;
				CLANG_WARN_INFINITE_RECURSION = YES;
				CLANG_WARN_INT_CONVERSION = YES;
				CLANG_WARN_NON_LITERAL_NULL_CONVERSION = YES;
				CLANG_WARN_OBJC_LITERAL_CONVERSION = YES;
				CLANG_WARN_OBJC_ROOT_CLASS = YES_ERROR;
				CLANG_WARN_RANGE_LOOP_ANALYSIS = YES;
				CLANG_WARN_STRICT_PROTOTYPES = YES;
				CLANG_WARN_SUSPICIOUS_MOVE = YES;
				CLANG_WARN_UNGUARDED_AVAILABILITY = YES_AGGRESSIVE;
				CLANG_WARN_UNREACHABLE_CODE = YES;
				CLANG_WARN__DUPLICATE_METHOD_MATCH = YES;
				CODE_SIGN_IDENTITY = "iPhone Developer";
				COPY_PHASE_STRIP = NO;
				DEBUG_INFORMATION_FORMAT = "dwarf-with-dsym";
				ENABLE_NS_ASSERTIONS = NO;
				ENABLE_STRICT_OBJC_MSGSEND = YES;
				GCC_C_LANGUAGE_STANDARD = gnu11;
				GCC_NO_COMMON_BLOCKS = YES;
				GCC_WARN_64_TO_32_BIT_CONVERSION = YES;
				GCC_WARN_ABOUT_RETURN_TYPE = YES_ERROR;
				GCC_WARN_UNDECLARED_SELECTOR = YES;
				GCC_WARN_UNINITIALIZED_AUTOS = YES_AGGRESSIVE;
				GCC_WARN_UNUSED_FUNCTION = YES;
				GCC_WARN_UNUSED_VARIABLE = YES;
				IPHONEOS_DEPLOYMENT_TARGET = 9.0;
				MTL_ENABLE_DEBUG_INFO = NO;
				SDKROOT = iphoneos;
				SWIFT_OPTIMIZATION_LEVEL = "-Owholemodule";
				SWIFT_VERSION = 3.0;
				VALIDATE_PRODUCT = YES;
			};
			name = Release;
		};
		C7323B45208A64DC00544816 /* Debug */ = {
			isa = XCBuildConfiguration;
			baseConfigurationReference = 65C00F2AF6D102B200B052EC /* Pods-Marvel.debug.xcconfig */;
			buildSettings = {
				ASSETCATALOG_COMPILER_APPICON_NAME = AppIcon;
				CLANG_ENABLE_MODULES = YES;
				CODE_SIGN_STYLE = Automatic;
				DEVELOPMENT_TEAM = Y55X2VP8Z8;
				INFOPLIST_FILE = Marvel/Info.plist;
				LD_RUNPATH_SEARCH_PATHS = "$(inherited) @executable_path/Frameworks";
				PRODUCT_BUNDLE_IDENTIFIER = com.danielrsousa.Marvel;
				PRODUCT_NAME = "$(TARGET_NAME)";
				SWIFT_OBJC_BRIDGING_HEADER = "Marvel/Application/Marvel-Bridging-Header.h";
				SWIFT_OPTIMIZATION_LEVEL = "-Onone";
				SWIFT_VERSION = 4.2;
				TARGETED_DEVICE_FAMILY = "1,2";
			};
			name = Debug;
		};
		C7323B46208A64DC00544816 /* Release */ = {
			isa = XCBuildConfiguration;
			baseConfigurationReference = F0F019DA23458E958495470A /* Pods-Marvel.release.xcconfig */;
			buildSettings = {
				ASSETCATALOG_COMPILER_APPICON_NAME = AppIcon;
				CLANG_ENABLE_MODULES = YES;
				CODE_SIGN_STYLE = Automatic;
				DEVELOPMENT_TEAM = Y55X2VP8Z8;
				INFOPLIST_FILE = Marvel/Info.plist;
				LD_RUNPATH_SEARCH_PATHS = "$(inherited) @executable_path/Frameworks";
				PRODUCT_BUNDLE_IDENTIFIER = com.danielrsousa.Marvel;
				PRODUCT_NAME = "$(TARGET_NAME)";
				SWIFT_OBJC_BRIDGING_HEADER = "Marvel/Application/Marvel-Bridging-Header.h";
				SWIFT_VERSION = 4.2;
				TARGETED_DEVICE_FAMILY = "1,2";
			};
			name = Release;
		};
		C7323B48208A64DC00544816 /* Debug */ = {
			isa = XCBuildConfiguration;
			baseConfigurationReference = DA2B49E8B4B3830E1BA3A6DC /* Pods-MarvelTests.debug.xcconfig */;
			buildSettings = {
				ALWAYS_EMBED_SWIFT_STANDARD_LIBRARIES = YES;
				BUNDLE_LOADER = "$(TEST_HOST)";
				CODE_SIGN_STYLE = Automatic;
				DEVELOPMENT_TEAM = Y55X2VP8Z8;
				INFOPLIST_FILE = MarvelTests/Info.plist;
				LD_RUNPATH_SEARCH_PATHS = "$(inherited) @executable_path/Frameworks @loader_path/Frameworks";
				PRODUCT_BUNDLE_IDENTIFIER = com.danielrsousa.MarvelTests;
				PRODUCT_NAME = "$(TARGET_NAME)";
				SWIFT_VERSION = 4.2;
				TARGETED_DEVICE_FAMILY = "1,2";
				TEST_HOST = "$(BUILT_PRODUCTS_DIR)/Marvel.app/Marvel";
			};
			name = Debug;
		};
		C7323B49208A64DC00544816 /* Release */ = {
			isa = XCBuildConfiguration;
			baseConfigurationReference = F608EAFC292E4EF38D16853F /* Pods-MarvelTests.release.xcconfig */;
			buildSettings = {
				ALWAYS_EMBED_SWIFT_STANDARD_LIBRARIES = YES;
				BUNDLE_LOADER = "$(TEST_HOST)";
				CODE_SIGN_STYLE = Automatic;
				DEVELOPMENT_TEAM = Y55X2VP8Z8;
				INFOPLIST_FILE = MarvelTests/Info.plist;
				LD_RUNPATH_SEARCH_PATHS = "$(inherited) @executable_path/Frameworks @loader_path/Frameworks";
				PRODUCT_BUNDLE_IDENTIFIER = com.danielrsousa.MarvelTests;
				PRODUCT_NAME = "$(TARGET_NAME)";
				SWIFT_VERSION = 4.2;
				TARGETED_DEVICE_FAMILY = "1,2";
				TEST_HOST = "$(BUILT_PRODUCTS_DIR)/Marvel.app/Marvel";
			};
			name = Release;
		};
		C7323B4B208A64DC00544816 /* Debug */ = {
			isa = XCBuildConfiguration;
			baseConfigurationReference = 491827F70F482DBD022BADDA /* Pods-MarvelUITests.debug.xcconfig */;
			buildSettings = {
				ALWAYS_EMBED_SWIFT_STANDARD_LIBRARIES = YES;
				CODE_SIGN_STYLE = Automatic;
				DEVELOPMENT_TEAM = Y55X2VP8Z8;
				INFOPLIST_FILE = MarvelUITests/Info.plist;
				LD_RUNPATH_SEARCH_PATHS = "$(inherited) @executable_path/Frameworks @loader_path/Frameworks";
				PRODUCT_BUNDLE_IDENTIFIER = com.danielrsousa.MarvelUITests;
				PRODUCT_NAME = "$(TARGET_NAME)";
				SWIFT_VERSION = 4.2;
				TARGETED_DEVICE_FAMILY = "1,2";
				TEST_TARGET_NAME = Marvel;
			};
			name = Debug;
		};
		C7323B4C208A64DC00544816 /* Release */ = {
			isa = XCBuildConfiguration;
			baseConfigurationReference = E46D18BCBFB550E7D9AE3075 /* Pods-MarvelUITests.release.xcconfig */;
			buildSettings = {
				ALWAYS_EMBED_SWIFT_STANDARD_LIBRARIES = YES;
				CODE_SIGN_STYLE = Automatic;
				DEVELOPMENT_TEAM = Y55X2VP8Z8;
				INFOPLIST_FILE = MarvelUITests/Info.plist;
				LD_RUNPATH_SEARCH_PATHS = "$(inherited) @executable_path/Frameworks @loader_path/Frameworks";
				PRODUCT_BUNDLE_IDENTIFIER = com.danielrsousa.MarvelUITests;
				PRODUCT_NAME = "$(TARGET_NAME)";
				SWIFT_VERSION = 4.2;
				TARGETED_DEVICE_FAMILY = "1,2";
				TEST_TARGET_NAME = Marvel;
			};
			name = Release;
		};
/* End XCBuildConfiguration section */

/* Begin XCConfigurationList section */
		C7323B17208A64DC00544816 /* Build configuration list for PBXProject "Marvel" */ = {
			isa = XCConfigurationList;
			buildConfigurations = (
				C7323B42208A64DC00544816 /* Debug */,
				C7323B43208A64DC00544816 /* Release */,
			);
			defaultConfigurationIsVisible = 0;
			defaultConfigurationName = Release;
		};
		C7323B44208A64DC00544816 /* Build configuration list for PBXNativeTarget "Marvel" */ = {
			isa = XCConfigurationList;
			buildConfigurations = (
				C7323B45208A64DC00544816 /* Debug */,
				C7323B46208A64DC00544816 /* Release */,
			);
			defaultConfigurationIsVisible = 0;
			defaultConfigurationName = Release;
		};
		C7323B47208A64DC00544816 /* Build configuration list for PBXNativeTarget "MarvelTests" */ = {
			isa = XCConfigurationList;
			buildConfigurations = (
				C7323B48208A64DC00544816 /* Debug */,
				C7323B49208A64DC00544816 /* Release */,
			);
			defaultConfigurationIsVisible = 0;
			defaultConfigurationName = Release;
		};
		C7323B4A208A64DC00544816 /* Build configuration list for PBXNativeTarget "MarvelUITests" */ = {
			isa = XCConfigurationList;
			buildConfigurations = (
				C7323B4B208A64DC00544816 /* Debug */,
				C7323B4C208A64DC00544816 /* Release */,
			);
			defaultConfigurationIsVisible = 0;
			defaultConfigurationName = Release;
		};
/* End XCConfigurationList section */
	};
	rootObject = C7323B14208A64DC00544816 /* Project object */;
}
