// !$*UTF8*$!
{
	archiveVersion = 1;
	classes = {
	};
	objectVersion = 50;
	objects = {

/* Begin PBXBuildFile section */
		9AE7A0AA24A3E853000E54E3 /* CharacterRow.swift in Sources */ = {isa = PBXBuildFile; fileRef = 9AE7A0A924A3E853000E54E3 /* CharacterRow.swift */; };
		9AE7A0AC24A4063B000E54E3 /* HomeView.swift in Sources */ = {isa = PBXBuildFile; fileRef = 9AE7A0AB24A4063B000E54E3 /* HomeView.swift */; };
		9AE7A0B124A4182C000E54E3 /* characters.json in Resources */ = {isa = PBXBuildFile; fileRef = B317F1AF2425B6C70056020C /* characters.json */; };
		9AE7A0B324A41CE9000E54E3 /* HomeViewModelTests.swift in Sources */ = {isa = PBXBuildFile; fileRef = B376AD5523D901B40088324B /* HomeViewModelTests.swift */; };
		9AE7A0B424A41DCC000E54E3 /* ApiMock.swift in Sources */ = {isa = PBXBuildFile; fileRef = B317F1A82425AC060056020C /* ApiMock.swift */; };
		9AE7A0B624A44A0C000E54E3 /* KingfisherSwiftUI.framework in Frameworks */ = {isa = PBXBuildFile; fileRef = 9AE7A0B524A44A0C000E54E3 /* KingfisherSwiftUI.framework */; };
		9AE7A0B724A44A8D000E54E3 /* KingfisherSwiftUI.framework in Embed Frameworks */ = {isa = PBXBuildFile; fileRef = 9AE7A0B524A44A0C000E54E3 /* KingfisherSwiftUI.framework */; settings = {ATTRIBUTES = (CodeSignOnCopy, RemoveHeadersOnCopy, ); }; };
		B317F1A4242566720056020C /* StatusMessages.swift in Sources */ = {isa = PBXBuildFile; fileRef = B317F1A3242566720056020C /* StatusMessages.swift */; };
		B317F1A92425AC060056020C /* ApiMock.swift in Sources */ = {isa = PBXBuildFile; fileRef = B317F1A82425AC060056020C /* ApiMock.swift */; };
		B317F1B02425B76E0056020C /* characters.json in Resources */ = {isa = PBXBuildFile; fileRef = B317F1AF2425B6C70056020C /* characters.json */; };
		B317F1B42425BBD20056020C /* error_api.json in Resources */ = {isa = PBXBuildFile; fileRef = B317F1B32425BBD10056020C /* error_api.json */; };
		B317F1B62425BC200056020C /* result_empty.json in Resources */ = {isa = PBXBuildFile; fileRef = B317F1B52425BC200056020C /* result_empty.json */; };
		B3484048240700110008AB76 /* Api.swift in Sources */ = {isa = PBXBuildFile; fileRef = B3484047240700110008AB76 /* Api.swift */; };
		B348404A240701110008AB76 /* ApiError.swift in Sources */ = {isa = PBXBuildFile; fileRef = B3484049240701110008AB76 /* ApiError.swift */; };
		B348404C2407014B0008AB76 /* HTTPMethod.swift in Sources */ = {isa = PBXBuildFile; fileRef = B348404B2407014B0008AB76 /* HTTPMethod.swift */; };
		B348404E2407017D0008AB76 /* HttpStatusCode.swift in Sources */ = {isa = PBXBuildFile; fileRef = B348404D2407017D0008AB76 /* HttpStatusCode.swift */; };
		B348405324084F6E0008AB76 /* Characters.swift in Sources */ = {isa = PBXBuildFile; fileRef = B348405224084F6E0008AB76 /* Characters.swift */; };
		B3484055240871BA0008AB76 /* Response.swift in Sources */ = {isa = PBXBuildFile; fileRef = B3484054240871BA0008AB76 /* Response.swift */; };
		B3484057240874000008AB76 /* ServicesInfo.swift in Sources */ = {isa = PBXBuildFile; fileRef = B3484056240874000008AB76 /* ServicesInfo.swift */; };
		B348405A240875210008AB76 /* CharactersApi.swift in Sources */ = {isa = PBXBuildFile; fileRef = B3484059240875210008AB76 /* CharactersApi.swift */; };
		B348405D24087E060008AB76 /* M5.swift in Sources */ = {isa = PBXBuildFile; fileRef = B348405C24087E060008AB76 /* M5.swift */; };
		B3484068240EF4B50008AB76 /* ServiceProtocol.swift in Sources */ = {isa = PBXBuildFile; fileRef = B3484067240EF4B50008AB76 /* ServiceProtocol.swift */; };
		B348406A240EFBF60008AB76 /* DetailViewModel.swift in Sources */ = {isa = PBXBuildFile; fileRef = B3484069240EFBF60008AB76 /* DetailViewModel.swift */; };
		B348406C240EFC040008AB76 /* DetailCoordinator.swift in Sources */ = {isa = PBXBuildFile; fileRef = B348406B240EFC040008AB76 /* DetailCoordinator.swift */; };
		B3484070240F08560008AB76 /* ViewModelDelegate.swift in Sources */ = {isa = PBXBuildFile; fileRef = B348406F240F08560008AB76 /* ViewModelDelegate.swift */; };
		B348407524119A2F0008AB76 /* FilterHeader.swift in Sources */ = {isa = PBXBuildFile; fileRef = B348407324119A2F0008AB76 /* FilterHeader.swift */; };
		B348407624119A2F0008AB76 /* FilterHeader.xib in Resources */ = {isa = PBXBuildFile; fileRef = B348407424119A2F0008AB76 /* FilterHeader.xib */; };
		B348407924119A920008AB76 /* UIPrimaryButton.swift in Sources */ = {isa = PBXBuildFile; fileRef = B348407824119A920008AB76 /* UIPrimaryButton.swift */; };
		B348407C24119B960008AB76 /* UIColor+Util.swift in Sources */ = {isa = PBXBuildFile; fileRef = B348407B24119B960008AB76 /* UIColor+Util.swift */; };
		B376AD3F23D901B00088324B /* AppDelegate.swift in Sources */ = {isa = PBXBuildFile; fileRef = B376AD3E23D901B00088324B /* AppDelegate.swift */; };
		B376AD4123D901B00088324B /* SceneDelegate.swift in Sources */ = {isa = PBXBuildFile; fileRef = B376AD4023D901B00088324B /* SceneDelegate.swift */; };
		B376AD4823D901B40088324B /* Assets.xcassets in Resources */ = {isa = PBXBuildFile; fileRef = B376AD4723D901B40088324B /* Assets.xcassets */; };
		B376AD4B23D901B40088324B /* LaunchScreen.storyboard in Resources */ = {isa = PBXBuildFile; fileRef = B376AD4923D901B40088324B /* LaunchScreen.storyboard */; };
		B376AD6123D901B40088324B /* MarvelMVVMUITests.swift in Sources */ = {isa = PBXBuildFile; fileRef = B376AD6023D901B40088324B /* MarvelMVVMUITests.swift */; };
		B376AD7223D907BD0088324B /* HomeViewController.swift in Sources */ = {isa = PBXBuildFile; fileRef = B376AD7023D907BD0088324B /* HomeViewController.swift */; };
		B376AD7323D907BD0088324B /* HomeViewController.xib in Resources */ = {isa = PBXBuildFile; fileRef = B376AD7123D907BD0088324B /* HomeViewController.xib */; };
		B376AD7523D907D50088324B /* HomeViewModel.swift in Sources */ = {isa = PBXBuildFile; fileRef = B376AD7423D907D50088324B /* HomeViewModel.swift */; };
		B376AD7723D907E30088324B /* HomeCoordinator.swift in Sources */ = {isa = PBXBuildFile; fileRef = B376AD7623D907E30088324B /* HomeCoordinator.swift */; };
		B376AD7B23D908730088324B /* BaseCoordinator.swift in Sources */ = {isa = PBXBuildFile; fileRef = B376AD7A23D908730088324B /* BaseCoordinator.swift */; };
		B376AD9023D92D600088324B /* CharacterTableCell.swift in Sources */ = {isa = PBXBuildFile; fileRef = B376AD8E23D92D600088324B /* CharacterTableCell.swift */; };
		B376AD9123D92D600088324B /* CharacterTableCell.xib in Resources */ = {isa = PBXBuildFile; fileRef = B376AD8F23D92D600088324B /* CharacterTableCell.xib */; };
		B376AD9423D932BF0088324B /* UITableView+Utils.swift in Sources */ = {isa = PBXBuildFile; fileRef = B376AD9323D932BF0088324B /* UITableView+Utils.swift */; };
		B376AD9623D9332C0088324B /* UIView+Utils.swift in Sources */ = {isa = PBXBuildFile; fileRef = B376AD9523D9332C0088324B /* UIView+Utils.swift */; };
		B376AD9F23D93E160088324B /* DetailViewController.swift in Sources */ = {isa = PBXBuildFile; fileRef = B376AD9D23D93E150088324B /* DetailViewController.swift */; };
		B376ADA023D93E160088324B /* DetailViewController.xib in Resources */ = {isa = PBXBuildFile; fileRef = B376AD9E23D93E150088324B /* DetailViewController.xib */; };
		B37AA53F241836F4007BFA57 /* CommicsApi.swift in Sources */ = {isa = PBXBuildFile; fileRef = B37AA53E241836F4007BFA57 /* CommicsApi.swift */; };
		B37AA541241838A4007BFA57 /* Commics.swift in Sources */ = {isa = PBXBuildFile; fileRef = B37AA540241838A4007BFA57 /* Commics.swift */; };
		B37AA543241838E4007BFA57 /* Thumbnail.swift in Sources */ = {isa = PBXBuildFile; fileRef = B37AA542241838E4007BFA57 /* Thumbnail.swift */; };
		B37AA5462418395E007BFA57 /* Optional+String.swift in Sources */ = {isa = PBXBuildFile; fileRef = B37AA5452418395E007BFA57 /* Optional+String.swift */; };
		B37AA54A24196162007BFA57 /* CommicCollectionCell.swift in Sources */ = {isa = PBXBuildFile; fileRef = B37AA54824196162007BFA57 /* CommicCollectionCell.swift */; };
		B37AA54B24196162007BFA57 /* CommicCollectionCell.xib in Resources */ = {isa = PBXBuildFile; fileRef = B37AA54924196162007BFA57 /* CommicCollectionCell.xib */; };
		B38014BC23DB83AA0002AEF6 /* MNavigationController.swift in Sources */ = {isa = PBXBuildFile; fileRef = B38014BB23DB83AA0002AEF6 /* MNavigationController.swift */; };
		B38014BF23DB94190002AEF6 /* GradientView.swift in Sources */ = {isa = PBXBuildFile; fileRef = B38014BE23DB94190002AEF6 /* GradientView.swift */; };
		B396B0AB2408A9970063680A /* Kingfisher.framework in Frameworks */ = {isa = PBXBuildFile; fileRef = B396B0A82408A9060063680A /* Kingfisher.framework */; };
		B396B0AC2408A9970063680A /* Kingfisher.framework in Embed Frameworks */ = {isa = PBXBuildFile; fileRef = B396B0A82408A9060063680A /* Kingfisher.framework */; settings = {ATTRIBUTES = (CodeSignOnCopy, RemoveHeadersOnCopy, ); }; };
		B3CA4AF824005B82004C950C /* CALayer+Utils.swift in Sources */ = {isa = PBXBuildFile; fileRef = B3CA4AF724005B82004C950C /* CALayer+Utils.swift */; };
		B3E341D82421802F005700C9 /* StatusTableCell.swift in Sources */ = {isa = PBXBuildFile; fileRef = B3E341D62421802F005700C9 /* StatusTableCell.swift */; };
		B3E341D92421802F005700C9 /* StatusTableCell.xib in Resources */ = {isa = PBXBuildFile; fileRef = B3E341D72421802F005700C9 /* StatusTableCell.xib */; };
		B3E341DC24218902005700C9 /* ProgressHUD.swift in Sources */ = {isa = PBXBuildFile; fileRef = B3E341DB24218902005700C9 /* ProgressHUD.swift */; };
/* End PBXBuildFile section */

/* Begin PBXContainerItemProxy section */
		B376AD5223D901B40088324B /* PBXContainerItemProxy */ = {
			isa = PBXContainerItemProxy;
			containerPortal = B376AD3323D901B00088324B /* Project object */;
			proxyType = 1;
			remoteGlobalIDString = B376AD3A23D901B00088324B;
			remoteInfo = MarvelMVVM;
		};
		B376AD5D23D901B40088324B /* PBXContainerItemProxy */ = {
			isa = PBXContainerItemProxy;
			containerPortal = B376AD3323D901B00088324B /* Project object */;
			proxyType = 1;
			remoteGlobalIDString = B376AD3A23D901B00088324B;
			remoteInfo = MarvelMVVM;
		};
/* End PBXContainerItemProxy section */

/* Begin PBXCopyFilesBuildPhase section */
		B38014AF23DA12520002AEF6 /* Embed Frameworks */ = {
			isa = PBXCopyFilesBuildPhase;
			buildActionMask = 2147483647;
			dstPath = "";
			dstSubfolderSpec = 10;
			files = (
				9AE7A0B724A44A8D000E54E3 /* KingfisherSwiftUI.framework in Embed Frameworks */,
				B396B0AC2408A9970063680A /* Kingfisher.framework in Embed Frameworks */,
			);
			name = "Embed Frameworks";
			runOnlyForDeploymentPostprocessing = 0;
		};
/* End PBXCopyFilesBuildPhase section */

/* Begin PBXFileReference section */
		9AE7A0A924A3E853000E54E3 /* CharacterRow.swift */ = {isa = PBXFileReference; lastKnownFileType = sourcecode.swift; path = CharacterRow.swift; sourceTree = "<group>"; };
		9AE7A0AB24A4063B000E54E3 /* HomeView.swift */ = {isa = PBXFileReference; lastKnownFileType = sourcecode.swift; path = HomeView.swift; sourceTree = "<group>"; };
		9AE7A0B524A44A0C000E54E3 /* KingfisherSwiftUI.framework */ = {isa = PBXFileReference; lastKnownFileType = wrapper.framework; path = KingfisherSwiftUI.framework; sourceTree = "<group>"; };
		B317F1A3242566720056020C /* StatusMessages.swift */ = {isa = PBXFileReference; lastKnownFileType = sourcecode.swift; path = StatusMessages.swift; sourceTree = "<group>"; };
		B317F1A82425AC060056020C /* ApiMock.swift */ = {isa = PBXFileReference; lastKnownFileType = sourcecode.swift; path = ApiMock.swift; sourceTree = "<group>"; };
		B317F1AF2425B6C70056020C /* characters.json */ = {isa = PBXFileReference; fileEncoding = 4; lastKnownFileType = text.json; path = characters.json; sourceTree = "<group>"; };
		B317F1B32425BBD10056020C /* error_api.json */ = {isa = PBXFileReference; fileEncoding = 4; lastKnownFileType = text.json; path = error_api.json; sourceTree = "<group>"; };
		B317F1B52425BC200056020C /* result_empty.json */ = {isa = PBXFileReference; fileEncoding = 4; lastKnownFileType = text.json; path = result_empty.json; sourceTree = "<group>"; };
		B3484047240700110008AB76 /* Api.swift */ = {isa = PBXFileReference; lastKnownFileType = sourcecode.swift; path = Api.swift; sourceTree = "<group>"; };
		B3484049240701110008AB76 /* ApiError.swift */ = {isa = PBXFileReference; lastKnownFileType = sourcecode.swift; path = ApiError.swift; sourceTree = "<group>"; };
		B348404B2407014B0008AB76 /* HTTPMethod.swift */ = {isa = PBXFileReference; lastKnownFileType = sourcecode.swift; path = HTTPMethod.swift; sourceTree = "<group>"; };
		B348404D2407017D0008AB76 /* HttpStatusCode.swift */ = {isa = PBXFileReference; lastKnownFileType = sourcecode.swift; path = HttpStatusCode.swift; sourceTree = "<group>"; };
		B348405224084F6E0008AB76 /* Characters.swift */ = {isa = PBXFileReference; lastKnownFileType = sourcecode.swift; path = Characters.swift; sourceTree = "<group>"; };
		B3484054240871BA0008AB76 /* Response.swift */ = {isa = PBXFileReference; lastKnownFileType = sourcecode.swift; path = Response.swift; sourceTree = "<group>"; };
		B3484056240874000008AB76 /* ServicesInfo.swift */ = {isa = PBXFileReference; lastKnownFileType = sourcecode.swift; path = ServicesInfo.swift; sourceTree = "<group>"; };
		B3484059240875210008AB76 /* CharactersApi.swift */ = {isa = PBXFileReference; lastKnownFileType = sourcecode.swift; path = CharactersApi.swift; sourceTree = "<group>"; };
		B348405C24087E060008AB76 /* M5.swift */ = {isa = PBXFileReference; lastKnownFileType = sourcecode.swift; path = M5.swift; sourceTree = "<group>"; };
		B3484067240EF4B50008AB76 /* ServiceProtocol.swift */ = {isa = PBXFileReference; lastKnownFileType = sourcecode.swift; path = ServiceProtocol.swift; sourceTree = "<group>"; };
		B3484069240EFBF60008AB76 /* DetailViewModel.swift */ = {isa = PBXFileReference; lastKnownFileType = sourcecode.swift; path = DetailViewModel.swift; sourceTree = "<group>"; };
		B348406B240EFC040008AB76 /* DetailCoordinator.swift */ = {isa = PBXFileReference; lastKnownFileType = sourcecode.swift; path = DetailCoordinator.swift; sourceTree = "<group>"; };
		B348406F240F08560008AB76 /* ViewModelDelegate.swift */ = {isa = PBXFileReference; lastKnownFileType = sourcecode.swift; path = ViewModelDelegate.swift; sourceTree = "<group>"; };
		B348407324119A2F0008AB76 /* FilterHeader.swift */ = {isa = PBXFileReference; lastKnownFileType = sourcecode.swift; path = FilterHeader.swift; sourceTree = "<group>"; };
		B348407424119A2F0008AB76 /* FilterHeader.xib */ = {isa = PBXFileReference; lastKnownFileType = file.xib; path = FilterHeader.xib; sourceTree = "<group>"; };
		B348407824119A920008AB76 /* UIPrimaryButton.swift */ = {isa = PBXFileReference; lastKnownFileType = sourcecode.swift; path = UIPrimaryButton.swift; sourceTree = "<group>"; };
		B348407B24119B960008AB76 /* UIColor+Util.swift */ = {isa = PBXFileReference; lastKnownFileType = sourcecode.swift; path = "UIColor+Util.swift"; sourceTree = "<group>"; };
		B376AD3B23D901B00088324B /* MarvelMVVM.app */ = {isa = PBXFileReference; explicitFileType = wrapper.application; includeInIndex = 0; path = MarvelMVVM.app; sourceTree = BUILT_PRODUCTS_DIR; };
		B376AD3E23D901B00088324B /* AppDelegate.swift */ = {isa = PBXFileReference; lastKnownFileType = sourcecode.swift; path = AppDelegate.swift; sourceTree = "<group>"; };
		B376AD4023D901B00088324B /* SceneDelegate.swift */ = {isa = PBXFileReference; lastKnownFileType = sourcecode.swift; path = SceneDelegate.swift; sourceTree = "<group>"; };
		B376AD4723D901B40088324B /* Assets.xcassets */ = {isa = PBXFileReference; lastKnownFileType = folder.assetcatalog; path = Assets.xcassets; sourceTree = "<group>"; };
		B376AD4A23D901B40088324B /* Base */ = {isa = PBXFileReference; lastKnownFileType = file.storyboard; name = Base; path = Base.lproj/LaunchScreen.storyboard; sourceTree = "<group>"; };
		B376AD4C23D901B40088324B /* Info.plist */ = {isa = PBXFileReference; lastKnownFileType = text.plist.xml; path = Info.plist; sourceTree = "<group>"; };
		B376AD5123D901B40088324B /* MarvelMVVMTests.xctest */ = {isa = PBXFileReference; explicitFileType = wrapper.cfbundle; includeInIndex = 0; path = MarvelMVVMTests.xctest; sourceTree = BUILT_PRODUCTS_DIR; };
		B376AD5523D901B40088324B /* HomeViewModelTests.swift */ = {isa = PBXFileReference; lastKnownFileType = sourcecode.swift; path = HomeViewModelTests.swift; sourceTree = "<group>"; };
		B376AD5723D901B40088324B /* Info.plist */ = {isa = PBXFileReference; lastKnownFileType = text.plist.xml; path = Info.plist; sourceTree = "<group>"; };
		B376AD5C23D901B40088324B /* MarvelMVVMUITests.xctest */ = {isa = PBXFileReference; explicitFileType = wrapper.cfbundle; includeInIndex = 0; path = MarvelMVVMUITests.xctest; sourceTree = BUILT_PRODUCTS_DIR; };
		B376AD6023D901B40088324B /* MarvelMVVMUITests.swift */ = {isa = PBXFileReference; lastKnownFileType = sourcecode.swift; path = MarvelMVVMUITests.swift; sourceTree = "<group>"; };
		B376AD6223D901B40088324B /* Info.plist */ = {isa = PBXFileReference; lastKnownFileType = text.plist.xml; path = Info.plist; sourceTree = "<group>"; };
		B376AD7023D907BD0088324B /* HomeViewController.swift */ = {isa = PBXFileReference; lastKnownFileType = sourcecode.swift; path = HomeViewController.swift; sourceTree = "<group>"; };
		B376AD7123D907BD0088324B /* HomeViewController.xib */ = {isa = PBXFileReference; lastKnownFileType = file.xib; path = HomeViewController.xib; sourceTree = "<group>"; };
		B376AD7423D907D50088324B /* HomeViewModel.swift */ = {isa = PBXFileReference; lastKnownFileType = sourcecode.swift; path = HomeViewModel.swift; sourceTree = "<group>"; };
		B376AD7623D907E30088324B /* HomeCoordinator.swift */ = {isa = PBXFileReference; lastKnownFileType = sourcecode.swift; path = HomeCoordinator.swift; sourceTree = "<group>"; };
		B376AD7A23D908730088324B /* BaseCoordinator.swift */ = {isa = PBXFileReference; lastKnownFileType = sourcecode.swift; path = BaseCoordinator.swift; sourceTree = "<group>"; };
		B376AD8E23D92D600088324B /* CharacterTableCell.swift */ = {isa = PBXFileReference; lastKnownFileType = sourcecode.swift; path = CharacterTableCell.swift; sourceTree = "<group>"; };
		B376AD8F23D92D600088324B /* CharacterTableCell.xib */ = {isa = PBXFileReference; lastKnownFileType = file.xib; path = CharacterTableCell.xib; sourceTree = "<group>"; };
		B376AD9323D932BF0088324B /* UITableView+Utils.swift */ = {isa = PBXFileReference; lastKnownFileType = sourcecode.swift; path = "UITableView+Utils.swift"; sourceTree = "<group>"; };
		B376AD9523D9332C0088324B /* UIView+Utils.swift */ = {isa = PBXFileReference; lastKnownFileType = sourcecode.swift; path = "UIView+Utils.swift"; sourceTree = "<group>"; };
		B376AD9D23D93E150088324B /* DetailViewController.swift */ = {isa = PBXFileReference; lastKnownFileType = sourcecode.swift; path = DetailViewController.swift; sourceTree = "<group>"; };
		B376AD9E23D93E150088324B /* DetailViewController.xib */ = {isa = PBXFileReference; lastKnownFileType = file.xib; path = DetailViewController.xib; sourceTree = "<group>"; };
		B37AA53E241836F4007BFA57 /* CommicsApi.swift */ = {isa = PBXFileReference; lastKnownFileType = sourcecode.swift; path = CommicsApi.swift; sourceTree = "<group>"; };
		B37AA540241838A4007BFA57 /* Commics.swift */ = {isa = PBXFileReference; lastKnownFileType = sourcecode.swift; path = Commics.swift; sourceTree = "<group>"; };
		B37AA542241838E4007BFA57 /* Thumbnail.swift */ = {isa = PBXFileReference; lastKnownFileType = sourcecode.swift; path = Thumbnail.swift; sourceTree = "<group>"; };
		B37AA5452418395E007BFA57 /* Optional+String.swift */ = {isa = PBXFileReference; lastKnownFileType = sourcecode.swift; path = "Optional+String.swift"; sourceTree = "<group>"; };
		B37AA54824196162007BFA57 /* CommicCollectionCell.swift */ = {isa = PBXFileReference; lastKnownFileType = sourcecode.swift; path = CommicCollectionCell.swift; sourceTree = "<group>"; };
		B37AA54924196162007BFA57 /* CommicCollectionCell.xib */ = {isa = PBXFileReference; lastKnownFileType = file.xib; path = CommicCollectionCell.xib; sourceTree = "<group>"; };
		B38014BB23DB83AA0002AEF6 /* MNavigationController.swift */ = {isa = PBXFileReference; lastKnownFileType = sourcecode.swift; path = MNavigationController.swift; sourceTree = "<group>"; };
		B38014BE23DB94190002AEF6 /* GradientView.swift */ = {isa = PBXFileReference; lastKnownFileType = sourcecode.swift; path = GradientView.swift; sourceTree = "<group>"; };
		B396B0A82408A9060063680A /* Kingfisher.framework */ = {isa = PBXFileReference; lastKnownFileType = wrapper.framework; path = Kingfisher.framework; sourceTree = "<group>"; };
		B3CA4AF724005B82004C950C /* CALayer+Utils.swift */ = {isa = PBXFileReference; lastKnownFileType = sourcecode.swift; path = "CALayer+Utils.swift"; sourceTree = "<group>"; };
		B3E341D62421802F005700C9 /* StatusTableCell.swift */ = {isa = PBXFileReference; lastKnownFileType = sourcecode.swift; path = StatusTableCell.swift; sourceTree = "<group>"; };
		B3E341D72421802F005700C9 /* StatusTableCell.xib */ = {isa = PBXFileReference; lastKnownFileType = file.xib; path = StatusTableCell.xib; sourceTree = "<group>"; };
		B3E341DB24218902005700C9 /* ProgressHUD.swift */ = {isa = PBXFileReference; lastKnownFileType = sourcecode.swift; path = ProgressHUD.swift; sourceTree = "<group>"; };
/* End PBXFileReference section */

/* Begin PBXFrameworksBuildPhase section */
		B376AD3823D901B00088324B /* Frameworks */ = {
			isa = PBXFrameworksBuildPhase;
			buildActionMask = 2147483647;
			files = (
				9AE7A0B624A44A0C000E54E3 /* KingfisherSwiftUI.framework in Frameworks */,
				B396B0AB2408A9970063680A /* Kingfisher.framework in Frameworks */,
			);
			runOnlyForDeploymentPostprocessing = 0;
		};
		B376AD4E23D901B40088324B /* Frameworks */ = {
			isa = PBXFrameworksBuildPhase;
			buildActionMask = 2147483647;
			files = (
			);
			runOnlyForDeploymentPostprocessing = 0;
		};
		B376AD5923D901B40088324B /* Frameworks */ = {
			isa = PBXFrameworksBuildPhase;
			buildActionMask = 2147483647;
			files = (
			);
			runOnlyForDeploymentPostprocessing = 0;
		};
/* End PBXFrameworksBuildPhase section */

/* Begin PBXGroup section */
		B317F1A2242566580056020C /* Enums */ = {
			isa = PBXGroup;
			children = (
				B317F1A3242566720056020C /* StatusMessages.swift */,
			);
			path = Enums;
			sourceTree = "<group>";
		};
		B317F1A52425A98C0056020C /* Api */ = {
			isa = PBXGroup;
			children = (
				B317F1A82425AC060056020C /* ApiMock.swift */,
				B317F1AC2425B1AC0056020C /* Json */,
			);
			path = Api;
			sourceTree = "<group>";
		};
		B317F1AC2425B1AC0056020C /* Json */ = {
			isa = PBXGroup;
			children = (
				B317F1B52425BC200056020C /* result_empty.json */,
				B317F1B32425BBD10056020C /* error_api.json */,
				B317F1AF2425B6C70056020C /* characters.json */,
			);
			path = Json;
			sourceTree = "<group>";
		};
		B317F1B12425B9430056020C /* Modules */ = {
			isa = PBXGroup;
			children = (
				B317F1B22425B94A0056020C /* Home */,
			);
			path = Modules;
			sourceTree = "<group>";
		};
		B317F1B22425B94A0056020C /* Home */ = {
			isa = PBXGroup;
			children = (
				B376AD5523D901B40088324B /* HomeViewModelTests.swift */,
			);
			path = Home;
			sourceTree = "<group>";
		};
		B3484046240700040008AB76 /* Api */ = {
			isa = PBXGroup;
			children = (
				B3484058240874C00008AB76 /* Services */,
				B3484054240871BA0008AB76 /* Response.swift */,
				B3484047240700110008AB76 /* Api.swift */,
				B3484049240701110008AB76 /* ApiError.swift */,
				B348404B2407014B0008AB76 /* HTTPMethod.swift */,
				B348404D2407017D0008AB76 /* HttpStatusCode.swift */,
				B3484056240874000008AB76 /* ServicesInfo.swift */,
			);
			path = Api;
			sourceTree = "<group>";
		};
		B348404F240703160008AB76 /* Models */ = {
			isa = PBXGroup;
			children = (
				B348405224084F6E0008AB76 /* Characters.swift */,
				B37AA540241838A4007BFA57 /* Commics.swift */,
				B37AA542241838E4007BFA57 /* Thumbnail.swift */,
			);
			path = Models;
			sourceTree = "<group>";
		};
		B3484058240874C00008AB76 /* Services */ = {
			isa = PBXGroup;
			children = (
				B3484066240EF49D0008AB76 /* Protocol */,
				B3484059240875210008AB76 /* CharactersApi.swift */,
				B37AA53E241836F4007BFA57 /* CommicsApi.swift */,
			);
			path = Services;
			sourceTree = "<group>";
		};
		B348405B24087DF00008AB76 /* Encrypt */ = {
			isa = PBXGroup;
			children = (
				B348405C24087E060008AB76 /* M5.swift */,
			);
			path = Encrypt;
			sourceTree = "<group>";
		};
		B3484066240EF49D0008AB76 /* Protocol */ = {
			isa = PBXGroup;
			children = (
				B3484067240EF4B50008AB76 /* ServiceProtocol.swift */,
			);
			path = Protocol;
			sourceTree = "<group>";
		};
		B348406E240F08400008AB76 /* ViewModel */ = {
			isa = PBXGroup;
			children = (
				B348406F240F08560008AB76 /* ViewModelDelegate.swift */,
			);
			path = ViewModel;
			sourceTree = "<group>";
		};
		B34840722411983A0008AB76 /* Header */ = {
			isa = PBXGroup;
			children = (
				B348407324119A2F0008AB76 /* FilterHeader.swift */,
				B348407424119A2F0008AB76 /* FilterHeader.xib */,
			);
			path = Header;
			sourceTree = "<group>";
		};
		B348407724119A800008AB76 /* UIButton */ = {
			isa = PBXGroup;
			children = (
				B348407824119A920008AB76 /* UIPrimaryButton.swift */,
			);
			path = UIButton;
			sourceTree = "<group>";
		};
		B348407A24119B5F0008AB76 /* UIColor */ = {
			isa = PBXGroup;
			children = (
				B348407B24119B960008AB76 /* UIColor+Util.swift */,
			);
			path = UIColor;
			sourceTree = "<group>";
		};
		B376AD3223D901B00088324B = {
			isa = PBXGroup;
			children = (
				B376AD3D23D901B00088324B /* MarvelMVVM */,
				B376AD5423D901B40088324B /* MarvelMVVMTests */,
				B376AD5F23D901B40088324B /* MarvelMVVMUITests */,
				B376AD3C23D901B00088324B /* Products */,
				B38014AA23DA114F0002AEF6 /* Framework */,
			);
			sourceTree = "<group>";
		};
		B376AD3C23D901B00088324B /* Products */ = {
			isa = PBXGroup;
			children = (
				B376AD3B23D901B00088324B /* MarvelMVVM.app */,
				B376AD5123D901B40088324B /* MarvelMVVMTests.xctest */,
				B376AD5C23D901B40088324B /* MarvelMVVMUITests.xctest */,
			);
			name = Products;
			sourceTree = "<group>";
		};
		B376AD3D23D901B00088324B /* MarvelMVVM */ = {
			isa = PBXGroup;
			children = (
				B376AD7C23D916820088324B /* Application */,
				B3484046240700040008AB76 /* Api */,
				B376AD7823D9081A0088324B /* Commons */,
				B348404F240703160008AB76 /* Models */,
				B376AD6E23D907840088324B /* Modules */,
				B376AD4723D901B40088324B /* Assets.xcassets */,
				B376AD4923D901B40088324B /* LaunchScreen.storyboard */,
				B376AD4C23D901B40088324B /* Info.plist */,
			);
			path = MarvelMVVM;
			sourceTree = "<group>";
		};
		B376AD5423D901B40088324B /* MarvelMVVMTests */ = {
			isa = PBXGroup;
			children = (
				B317F1A52425A98C0056020C /* Api */,
				B317F1B12425B9430056020C /* Modules */,
				B376AD5723D901B40088324B /* Info.plist */,
			);
			path = MarvelMVVMTests;
			sourceTree = "<group>";
		};
		B376AD5F23D901B40088324B /* MarvelMVVMUITests */ = {
			isa = PBXGroup;
			children = (
				B376AD6023D901B40088324B /* MarvelMVVMUITests.swift */,
				B376AD6223D901B40088324B /* Info.plist */,
			);
			path = MarvelMVVMUITests;
			sourceTree = "<group>";
		};
		B376AD6E23D907840088324B /* Modules */ = {
			isa = PBXGroup;
			children = (
				B376AD6F23D9079C0088324B /* Home */,
				B376AD9C23D93DFA0088324B /* Detail */,
			);
			path = Modules;
			sourceTree = "<group>";
		};
		B376AD6F23D9079C0088324B /* Home */ = {
			isa = PBXGroup;
			children = (
				B317F1A2242566580056020C /* Enums */,
				B376AD7F23D923A30088324B /* TableCells */,
				B376AD7023D907BD0088324B /* HomeViewController.swift */,
				B376AD7123D907BD0088324B /* HomeViewController.xib */,
				B376AD7423D907D50088324B /* HomeViewModel.swift */,
				B376AD7623D907E30088324B /* HomeCoordinator.swift */,
				9AE7A0AB24A4063B000E54E3 /* HomeView.swift */,
			);
			path = Home;
			sourceTree = "<group>";
		};
		B376AD7823D9081A0088324B /* Commons */ = {
			isa = PBXGroup;
			children = (
				B3E341DA242188EC005700C9 /* ProgressHUD */,
				B348407724119A800008AB76 /* UIButton */,
				B348406E240F08400008AB76 /* ViewModel */,
				B348405B24087DF00008AB76 /* Encrypt */,
				B38014BD23DB94090002AEF6 /* GradientView */,
				B38014BA23DB836D0002AEF6 /* MNavigation */,
				B376AD9223D932A40088324B /* Utils */,
				B376AD7923D908260088324B /* BaseCoordinator */,
			);
			path = Commons;
			sourceTree = "<group>";
		};
		B376AD7923D908260088324B /* BaseCoordinator */ = {
			isa = PBXGroup;
			children = (
				B376AD7A23D908730088324B /* BaseCoordinator.swift */,
			);
			path = BaseCoordinator;
			sourceTree = "<group>";
		};
		B376AD7C23D916820088324B /* Application */ = {
			isa = PBXGroup;
			children = (
				B376AD3E23D901B00088324B /* AppDelegate.swift */,
				B376AD4023D901B00088324B /* SceneDelegate.swift */,
			);
			path = Application;
			sourceTree = "<group>";
		};
		B376AD7F23D923A30088324B /* TableCells */ = {
			isa = PBXGroup;
			children = (
				B34840722411983A0008AB76 /* Header */,
				B3E341D524217FD6005700C9 /* EmptyState */,
				B376AD8923D92A980088324B /* Character */,
			);
			path = TableCells;
			sourceTree = "<group>";
		};
		B376AD8923D92A980088324B /* Character */ = {
			isa = PBXGroup;
			children = (
				B376AD8E23D92D600088324B /* CharacterTableCell.swift */,
				B376AD8F23D92D600088324B /* CharacterTableCell.xib */,
				9AE7A0A924A3E853000E54E3 /* CharacterRow.swift */,
			);
			path = Character;
			sourceTree = "<group>";
		};
		B376AD9223D932A40088324B /* Utils */ = {
			isa = PBXGroup;
			children = (
				B37AA5442418394C007BFA57 /* Optional */,
				B348407A24119B5F0008AB76 /* UIColor */,
				B3CA4AFA24005BA2004C950C /* UIView */,
				B3CA4AF924005B92004C950C /* UITableView */,
				B3CA4AF624005B63004C950C /* CALayer */,
			);
			path = Utils;
			sourceTree = "<group>";
		};
		B376AD9C23D93DFA0088324B /* Detail */ = {
			isa = PBXGroup;
			children = (
				B37AA54724195F90007BFA57 /* CollectionCells */,
				B376AD9D23D93E150088324B /* DetailViewController.swift */,
				B376AD9E23D93E150088324B /* DetailViewController.xib */,
				B3484069240EFBF60008AB76 /* DetailViewModel.swift */,
				B348406B240EFC040008AB76 /* DetailCoordinator.swift */,
			);
			path = Detail;
			sourceTree = "<group>";
		};
		B37AA5442418394C007BFA57 /* Optional */ = {
			isa = PBXGroup;
			children = (
				B37AA5452418395E007BFA57 /* Optional+String.swift */,
			);
			path = Optional;
			sourceTree = "<group>";
		};
		B37AA54724195F90007BFA57 /* CollectionCells */ = {
			isa = PBXGroup;
			children = (
				B37AA54824196162007BFA57 /* CommicCollectionCell.swift */,
				B37AA54924196162007BFA57 /* CommicCollectionCell.xib */,
			);
			path = CollectionCells;
			sourceTree = "<group>";
		};
		B38014AA23DA114F0002AEF6 /* Framework */ = {
			isa = PBXGroup;
			children = (
				9AE7A0B524A44A0C000E54E3 /* KingfisherSwiftUI.framework */,
				B396B0A82408A9060063680A /* Kingfisher.framework */,
			);
			path = Framework;
			sourceTree = "<group>";
		};
		B38014BA23DB836D0002AEF6 /* MNavigation */ = {
			isa = PBXGroup;
			children = (
				B38014BB23DB83AA0002AEF6 /* MNavigationController.swift */,
			);
			path = MNavigation;
			sourceTree = "<group>";
		};
		B38014BD23DB94090002AEF6 /* GradientView */ = {
			isa = PBXGroup;
			children = (
				B38014BE23DB94190002AEF6 /* GradientView.swift */,
			);
			path = GradientView;
			sourceTree = "<group>";
		};
		B3CA4AF624005B63004C950C /* CALayer */ = {
			isa = PBXGroup;
			children = (
				B3CA4AF724005B82004C950C /* CALayer+Utils.swift */,
			);
			path = CALayer;
			sourceTree = "<group>";
		};
		B3CA4AF924005B92004C950C /* UITableView */ = {
			isa = PBXGroup;
			children = (
				B376AD9323D932BF0088324B /* UITableView+Utils.swift */,
			);
			path = UITableView;
			sourceTree = "<group>";
		};
		B3CA4AFA24005BA2004C950C /* UIView */ = {
			isa = PBXGroup;
			children = (
				B376AD9523D9332C0088324B /* UIView+Utils.swift */,
			);
			path = UIView;
			sourceTree = "<group>";
		};
		B3E341D524217FD6005700C9 /* EmptyState */ = {
			isa = PBXGroup;
			children = (
				B3E341D62421802F005700C9 /* StatusTableCell.swift */,
				B3E341D72421802F005700C9 /* StatusTableCell.xib */,
			);
			path = EmptyState;
			sourceTree = "<group>";
		};
		B3E341DA242188EC005700C9 /* ProgressHUD */ = {
			isa = PBXGroup;
			children = (
				B3E341DB24218902005700C9 /* ProgressHUD.swift */,
			);
			path = ProgressHUD;
			sourceTree = "<group>";
		};
/* End PBXGroup section */

/* Begin PBXNativeTarget section */
		B376AD3A23D901B00088324B /* MarvelMVVM */ = {
			isa = PBXNativeTarget;
			buildConfigurationList = B376AD6523D901B40088324B /* Build configuration list for PBXNativeTarget "MarvelMVVM" */;
			buildPhases = (
				B376AD3723D901B00088324B /* Sources */,
				B376AD3823D901B00088324B /* Frameworks */,
				B376AD3923D901B00088324B /* Resources */,
				B38014AF23DA12520002AEF6 /* Embed Frameworks */,
			);
			buildRules = (
			);
			dependencies = (
			);
			name = MarvelMVVM;
			productName = MarvelMVVM;
			productReference = B376AD3B23D901B00088324B /* MarvelMVVM.app */;
			productType = "com.apple.product-type.application";
		};
		B376AD5023D901B40088324B /* MarvelMVVMTests */ = {
			isa = PBXNativeTarget;
			buildConfigurationList = B376AD6823D901B40088324B /* Build configuration list for PBXNativeTarget "MarvelMVVMTests" */;
			buildPhases = (
				B376AD4D23D901B40088324B /* Sources */,
				B376AD4E23D901B40088324B /* Frameworks */,
				B376AD4F23D901B40088324B /* Resources */,
			);
			buildRules = (
			);
			dependencies = (
				B376AD5323D901B40088324B /* PBXTargetDependency */,
			);
			name = MarvelMVVMTests;
			productName = MarvelMVVMTests;
			productReference = B376AD5123D901B40088324B /* MarvelMVVMTests.xctest */;
			productType = "com.apple.product-type.bundle.unit-test";
		};
		B376AD5B23D901B40088324B /* MarvelMVVMUITests */ = {
			isa = PBXNativeTarget;
			buildConfigurationList = B376AD6B23D901B40088324B /* Build configuration list for PBXNativeTarget "MarvelMVVMUITests" */;
			buildPhases = (
				B376AD5823D901B40088324B /* Sources */,
				B376AD5923D901B40088324B /* Frameworks */,
				B376AD5A23D901B40088324B /* Resources */,
			);
			buildRules = (
			);
			dependencies = (
				B376AD5E23D901B40088324B /* PBXTargetDependency */,
			);
			name = MarvelMVVMUITests;
			productName = MarvelMVVMUITests;
			productReference = B376AD5C23D901B40088324B /* MarvelMVVMUITests.xctest */;
			productType = "com.apple.product-type.bundle.ui-testing";
		};
/* End PBXNativeTarget section */

/* Begin PBXProject section */
		B376AD3323D901B00088324B /* Project object */ = {
			isa = PBXProject;
			attributes = {
				LastSwiftUpdateCheck = 1130;
				LastUpgradeCheck = 1130;
				ORGANIZATIONNAME = "Daniel Rocha";
				TargetAttributes = {
					B376AD3A23D901B00088324B = {
						CreatedOnToolsVersion = 11.3;
					};
					B376AD5023D901B40088324B = {
						CreatedOnToolsVersion = 11.3;
						TestTargetID = B376AD3A23D901B00088324B;
					};
					B376AD5B23D901B40088324B = {
						CreatedOnToolsVersion = 11.3;
						TestTargetID = B376AD3A23D901B00088324B;
					};
				};
			};
			buildConfigurationList = B376AD3623D901B00088324B /* Build configuration list for PBXProject "MarvelMVVM" */;
			compatibilityVersion = "Xcode 9.3";
			developmentRegion = en;
			hasScannedForEncodings = 0;
			knownRegions = (
				en,
				Base,
			);
			mainGroup = B376AD3223D901B00088324B;
			productRefGroup = B376AD3C23D901B00088324B /* Products */;
			projectDirPath = "";
			projectRoot = "";
			targets = (
				B376AD3A23D901B00088324B /* MarvelMVVM */,
				B376AD5023D901B40088324B /* MarvelMVVMTests */,
				B376AD5B23D901B40088324B /* MarvelMVVMUITests */,
			);
		};
/* End PBXProject section */

/* Begin PBXResourcesBuildPhase section */
		B376AD3923D901B00088324B /* Resources */ = {
			isa = PBXResourcesBuildPhase;
			buildActionMask = 2147483647;
			files = (
				B3E341D92421802F005700C9 /* StatusTableCell.xib in Resources */,
				B376AD4B23D901B40088324B /* LaunchScreen.storyboard in Resources */,
				B376ADA023D93E160088324B /* DetailViewController.xib in Resources */,
				9AE7A0B124A4182C000E54E3 /* characters.json in Resources */,
				B37AA54B24196162007BFA57 /* CommicCollectionCell.xib in Resources */,
				B376AD4823D901B40088324B /* Assets.xcassets in Resources */,
				B348407624119A2F0008AB76 /* FilterHeader.xib in Resources */,
				B376AD7323D907BD0088324B /* HomeViewController.xib in Resources */,
				B376AD9123D92D600088324B /* CharacterTableCell.xib in Resources */,
			);
			runOnlyForDeploymentPostprocessing = 0;
		};
		B376AD4F23D901B40088324B /* Resources */ = {
			isa = PBXResourcesBuildPhase;
			buildActionMask = 2147483647;
			files = (
				B317F1B02425B76E0056020C /* characters.json in Resources */,
				B317F1B62425BC200056020C /* result_empty.json in Resources */,
				B317F1B42425BBD20056020C /* error_api.json in Resources */,
			);
			runOnlyForDeploymentPostprocessing = 0;
		};
		B376AD5A23D901B40088324B /* Resources */ = {
			isa = PBXResourcesBuildPhase;
			buildActionMask = 2147483647;
			files = (
			);
			runOnlyForDeploymentPostprocessing = 0;
		};
/* End PBXResourcesBuildPhase section */

/* Begin PBXSourcesBuildPhase section */
		B376AD3723D901B00088324B /* Sources */ = {
			isa = PBXSourcesBuildPhase;
			buildActionMask = 2147483647;
			files = (
				B3484048240700110008AB76 /* Api.swift in Sources */,
				B37AA54A24196162007BFA57 /* CommicCollectionCell.swift in Sources */,
				B3E341DC24218902005700C9 /* ProgressHUD.swift in Sources */,
				B3E341D82421802F005700C9 /* StatusTableCell.swift in Sources */,
				B376AD9F23D93E160088324B /* DetailViewController.swift in Sources */,
				B376AD7B23D908730088324B /* BaseCoordinator.swift in Sources */,
				B348405324084F6E0008AB76 /* Characters.swift in Sources */,
				B348406A240EFBF60008AB76 /* DetailViewModel.swift in Sources */,
				9AE7A0AA24A3E853000E54E3 /* CharacterRow.swift in Sources */,
				B38014BF23DB94190002AEF6 /* GradientView.swift in Sources */,
				B376AD3F23D901B00088324B /* AppDelegate.swift in Sources */,
				B348405D24087E060008AB76 /* M5.swift in Sources */,
				9AE7A0B424A41DCC000E54E3 /* ApiMock.swift in Sources */,
				B376AD9023D92D600088324B /* CharacterTableCell.swift in Sources */,
				B348405A240875210008AB76 /* CharactersApi.swift in Sources */,
				B348404C2407014B0008AB76 /* HTTPMethod.swift in Sources */,
				9AE7A0AC24A4063B000E54E3 /* HomeView.swift in Sources */,
				B376AD4123D901B00088324B /* SceneDelegate.swift in Sources */,
				B317F1A4242566720056020C /* StatusMessages.swift in Sources */,
				B348407924119A920008AB76 /* UIPrimaryButton.swift in Sources */,
				B348407524119A2F0008AB76 /* FilterHeader.swift in Sources */,
				B37AA543241838E4007BFA57 /* Thumbnail.swift in Sources */,
				B376AD7523D907D50088324B /* HomeViewModel.swift in Sources */,
				B37AA53F241836F4007BFA57 /* CommicsApi.swift in Sources */,
				B37AA541241838A4007BFA57 /* Commics.swift in Sources */,
				B3484068240EF4B50008AB76 /* ServiceProtocol.swift in Sources */,
				B3484057240874000008AB76 /* ServicesInfo.swift in Sources */,
				B348407C24119B960008AB76 /* UIColor+Util.swift in Sources */,
				B348404E2407017D0008AB76 /* HttpStatusCode.swift in Sources */,
				B348404A240701110008AB76 /* ApiError.swift in Sources */,
				B37AA5462418395E007BFA57 /* Optional+String.swift in Sources */,
				B3484070240F08560008AB76 /* ViewModelDelegate.swift in Sources */,
				B38014BC23DB83AA0002AEF6 /* MNavigationController.swift in Sources */,
				B348406C240EFC040008AB76 /* DetailCoordinator.swift in Sources */,
				B376AD7223D907BD0088324B /* HomeViewController.swift in Sources */,
				B376AD7723D907E30088324B /* HomeCoordinator.swift in Sources */,
				B376AD9423D932BF0088324B /* UITableView+Utils.swift in Sources */,
				B3484055240871BA0008AB76 /* Response.swift in Sources */,
				B376AD9623D9332C0088324B /* UIView+Utils.swift in Sources */,
				B3CA4AF824005B82004C950C /* CALayer+Utils.swift in Sources */,
			);
			runOnlyForDeploymentPostprocessing = 0;
		};
		B376AD4D23D901B40088324B /* Sources */ = {
			isa = PBXSourcesBuildPhase;
			buildActionMask = 2147483647;
			files = (
				B317F1A92425AC060056020C /* ApiMock.swift in Sources */,
				9AE7A0B324A41CE9000E54E3 /* HomeViewModelTests.swift in Sources */,
			);
			runOnlyForDeploymentPostprocessing = 0;
		};
		B376AD5823D901B40088324B /* Sources */ = {
			isa = PBXSourcesBuildPhase;
			buildActionMask = 2147483647;
			files = (
				B376AD6123D901B40088324B /* MarvelMVVMUITests.swift in Sources */,
			);
			runOnlyForDeploymentPostprocessing = 0;
		};
/* End PBXSourcesBuildPhase section */

/* Begin PBXTargetDependency section */
		B376AD5323D901B40088324B /* PBXTargetDependency */ = {
			isa = PBXTargetDependency;
			target = B376AD3A23D901B00088324B /* MarvelMVVM */;
			targetProxy = B376AD5223D901B40088324B /* PBXContainerItemProxy */;
		};
		B376AD5E23D901B40088324B /* PBXTargetDependency */ = {
			isa = PBXTargetDependency;
			target = B376AD3A23D901B00088324B /* MarvelMVVM */;
			targetProxy = B376AD5D23D901B40088324B /* PBXContainerItemProxy */;
		};
/* End PBXTargetDependency section */

/* Begin PBXVariantGroup section */
		B376AD4923D901B40088324B /* LaunchScreen.storyboard */ = {
			isa = PBXVariantGroup;
			children = (
				B376AD4A23D901B40088324B /* Base */,
			);
			name = LaunchScreen.storyboard;
			sourceTree = "<group>";
		};
/* End PBXVariantGroup section */

/* Begin XCBuildConfiguration section */
		B376AD6323D901B40088324B /* Debug */ = {
			isa = XCBuildConfiguration;
			buildSettings = {
				ALWAYS_SEARCH_USER_PATHS = NO;
				CLANG_ANALYZER_NONNULL = YES;
				CLANG_ANALYZER_NUMBER_OBJECT_CONVERSION = YES_AGGRESSIVE;
				CLANG_CXX_LANGUAGE_STANDARD = "gnu++14";
				CLANG_CXX_LIBRARY = "libc++";
				CLANG_ENABLE_MODULES = YES;
				CLANG_ENABLE_OBJC_ARC = YES;
				CLANG_ENABLE_OBJC_WEAK = YES;
				CLANG_WARN_BLOCK_CAPTURE_AUTORELEASING = YES;
				CLANG_WARN_BOOL_CONVERSION = YES;
				CLANG_WARN_COMMA = YES;
				CLANG_WARN_CONSTANT_CONVERSION = YES;
				CLANG_WARN_DEPRECATED_OBJC_IMPLEMENTATIONS = YES;
				CLANG_WARN_DIRECT_OBJC_ISA_USAGE = YES_ERROR;
				CLANG_WARN_DOCUMENTATION_COMMENTS = YES;
				CLANG_WARN_EMPTY_BODY = YES;
				CLANG_WARN_ENUM_CONVERSION = YES;
				CLANG_WARN_INFINITE_RECURSION = YES;
				CLANG_WARN_INT_CONVERSION = YES;
				CLANG_WARN_NON_LITERAL_NULL_CONVERSION = YES;
				CLANG_WARN_OBJC_IMPLICIT_RETAIN_SELF = YES;
				CLANG_WARN_OBJC_LITERAL_CONVERSION = YES;
				CLANG_WARN_OBJC_ROOT_CLASS = YES_ERROR;
				CLANG_WARN_RANGE_LOOP_ANALYSIS = YES;
				CLANG_WARN_STRICT_PROTOTYPES = YES;
				CLANG_WARN_SUSPICIOUS_MOVE = YES;
				CLANG_WARN_UNGUARDED_AVAILABILITY = YES_AGGRESSIVE;
				CLANG_WARN_UNREACHABLE_CODE = YES;
				CLANG_WARN__DUPLICATE_METHOD_MATCH = YES;
				COPY_PHASE_STRIP = NO;
				DEBUG_INFORMATION_FORMAT = dwarf;
				ENABLE_STRICT_OBJC_MSGSEND = YES;
				ENABLE_TESTABILITY = YES;
				GCC_C_LANGUAGE_STANDARD = gnu11;
				GCC_DYNAMIC_NO_PIC = NO;
				GCC_NO_COMMON_BLOCKS = YES;
				GCC_OPTIMIZATION_LEVEL = 0;
				GCC_PREPROCESSOR_DEFINITIONS = (
					"DEBUG=1",
					"$(inherited)",
				);
				GCC_WARN_64_TO_32_BIT_CONVERSION = YES;
				GCC_WARN_ABOUT_RETURN_TYPE = YES_ERROR;
				GCC_WARN_UNDECLARED_SELECTOR = YES;
				GCC_WARN_UNINITIALIZED_AUTOS = YES_AGGRESSIVE;
				GCC_WARN_UNUSED_FUNCTION = YES;
				GCC_WARN_UNUSED_VARIABLE = YES;
				IPHONEOS_DEPLOYMENT_TARGET = 13.2;
				MTL_ENABLE_DEBUG_INFO = INCLUDE_SOURCE;
				MTL_FAST_MATH = YES;
				ONLY_ACTIVE_ARCH = YES;
				SDKROOT = iphoneos;
				SWIFT_ACTIVE_COMPILATION_CONDITIONS = DEBUG;
				SWIFT_OPTIMIZATION_LEVEL = "-Onone";
			};
			name = Debug;
		};
		B376AD6423D901B40088324B /* Release */ = {
			isa = XCBuildConfiguration;
			buildSettings = {
				ALWAYS_SEARCH_USER_PATHS = NO;
				CLANG_ANALYZER_NONNULL = YES;
				CLANG_ANALYZER_NUMBER_OBJECT_CONVERSION = YES_AGGRESSIVE;
				CLANG_CXX_LANGUAGE_STANDARD = "gnu++14";
				CLANG_CXX_LIBRARY = "libc++";
				CLANG_ENABLE_MODULES = YES;
				CLANG_ENABLE_OBJC_ARC = YES;
				CLANG_ENABLE_OBJC_WEAK = YES;
				CLANG_WARN_BLOCK_CAPTURE_AUTORELEASING = YES;
				CLANG_WARN_BOOL_CONVERSION = YES;
				CLANG_WARN_COMMA = YES;
				CLANG_WARN_CONSTANT_CONVERSION = YES;
				CLANG_WARN_DEPRECATED_OBJC_IMPLEMENTATIONS = YES;
				CLANG_WARN_DIRECT_OBJC_ISA_USAGE = YES_ERROR;
				CLANG_WARN_DOCUMENTATION_COMMENTS = YES;
				CLANG_WARN_EMPTY_BODY = YES;
				CLANG_WARN_ENUM_CONVERSION = YES;
				CLANG_WARN_INFINITE_RECURSION = YES;
				CLANG_WARN_INT_CONVERSION = YES;
				CLANG_WARN_NON_LITERAL_NULL_CONVERSION = YES;
				CLANG_WARN_OBJC_IMPLICIT_RETAIN_SELF = YES;
				CLANG_WARN_OBJC_LITERAL_CONVERSION = YES;
				CLANG_WARN_OBJC_ROOT_CLASS = YES_ERROR;
				CLANG_WARN_RANGE_LOOP_ANALYSIS = YES;
				CLANG_WARN_STRICT_PROTOTYPES = YES;
				CLANG_WARN_SUSPICIOUS_MOVE = YES;
				CLANG_WARN_UNGUARDED_AVAILABILITY = YES_AGGRESSIVE;
				CLANG_WARN_UNREACHABLE_CODE = YES;
				CLANG_WARN__DUPLICATE_METHOD_MATCH = YES;
				COPY_PHASE_STRIP = NO;
				DEBUG_INFORMATION_FORMAT = "dwarf-with-dsym";
				ENABLE_NS_ASSERTIONS = NO;
				ENABLE_STRICT_OBJC_MSGSEND = YES;
				GCC_C_LANGUAGE_STANDARD = gnu11;
				GCC_NO_COMMON_BLOCKS = YES;
				GCC_WARN_64_TO_32_BIT_CONVERSION = YES;
				GCC_WARN_ABOUT_RETURN_TYPE = YES_ERROR;
				GCC_WARN_UNDECLARED_SELECTOR = YES;
				GCC_WARN_UNINITIALIZED_AUTOS = YES_AGGRESSIVE;
				GCC_WARN_UNUSED_FUNCTION = YES;
				GCC_WARN_UNUSED_VARIABLE = YES;
				IPHONEOS_DEPLOYMENT_TARGET = 13.2;
				MTL_ENABLE_DEBUG_INFO = NO;
				MTL_FAST_MATH = YES;
				SDKROOT = iphoneos;
				SWIFT_COMPILATION_MODE = wholemodule;
				SWIFT_OPTIMIZATION_LEVEL = "-O";
				VALIDATE_PRODUCT = YES;
			};
			name = Release;
		};
		B376AD6623D901B40088324B /* Debug */ = {
			isa = XCBuildConfiguration;
			buildSettings = {
				ASSETCATALOG_COMPILER_APPICON_NAME = AppIcon;
				CODE_SIGN_STYLE = Automatic;
				DEVELOPMENT_TEAM = Y55X2VP8Z8;
				FRAMEWORK_SEARCH_PATHS = (
					"$(inherited)",
					"$(PROJECT_DIR)/Framework",
					"$(PROJECT_DIR)/Carthage/Build/iOS",
				);
				INFOPLIST_FILE = MarvelMVVM/Info.plist;
				LD_RUNPATH_SEARCH_PATHS = (
					"$(inherited)",
					"@executable_path/Frameworks",
				);
				PRODUCT_BUNDLE_IDENTIFIER = br.com.MarvelMVVM;
				PRODUCT_NAME = "$(TARGET_NAME)";
				SWIFT_VERSION = 5.0;
				TARGETED_DEVICE_FAMILY = "1,2";
			};
			name = Debug;
		};
		B376AD6723D901B40088324B /* Release */ = {
			isa = XCBuildConfiguration;
			buildSettings = {
				ASSETCATALOG_COMPILER_APPICON_NAME = AppIcon;
				CODE_SIGN_STYLE = Automatic;
				DEVELOPMENT_TEAM = Y55X2VP8Z8;
				FRAMEWORK_SEARCH_PATHS = (
					"$(inherited)",
					"$(PROJECT_DIR)/Framework",
					"$(PROJECT_DIR)/Carthage/Build/iOS",
				);
				INFOPLIST_FILE = MarvelMVVM/Info.plist;
				LD_RUNPATH_SEARCH_PATHS = (
					"$(inherited)",
					"@executable_path/Frameworks",
				);
				PRODUCT_BUNDLE_IDENTIFIER = br.com.MarvelMVVM;
				PRODUCT_NAME = "$(TARGET_NAME)";
				SWIFT_VERSION = 5.0;
				TARGETED_DEVICE_FAMILY = "1,2";
			};
			name = Release;
		};
		B376AD6923D901B40088324B /* Debug */ = {
			isa = XCBuildConfiguration;
			buildSettings = {
				ALWAYS_EMBED_SWIFT_STANDARD_LIBRARIES = YES;
				BUNDLE_LOADER = "$(TEST_HOST)";
				CODE_SIGN_STYLE = Automatic;
				DEVELOPMENT_TEAM = Y55X2VP8Z8;
				INFOPLIST_FILE = MarvelMVVMTests/Info.plist;
				IPHONEOS_DEPLOYMENT_TARGET = 13.2;
				LD_RUNPATH_SEARCH_PATHS = (
					"$(inherited)",
					"@executable_path/Frameworks",
					"@loader_path/Frameworks",
				);
				PRODUCT_BUNDLE_IDENTIFIER = br.com.MarvelMVVMTests;
				PRODUCT_NAME = "$(TARGET_NAME)";
				SWIFT_VERSION = 5.0;
				TARGETED_DEVICE_FAMILY = "1,2";
				TEST_HOST = "$(BUILT_PRODUCTS_DIR)/MarvelMVVM.app/MarvelMVVM";
			};
			name = Debug;
		};
		B376AD6A23D901B40088324B /* Release */ = {
			isa = XCBuildConfiguration;
			buildSettings = {
				ALWAYS_EMBED_SWIFT_STANDARD_LIBRARIES = YES;
				BUNDLE_LOADER = "$(TEST_HOST)";
				CODE_SIGN_STYLE = Automatic;
				DEVELOPMENT_TEAM = Y55X2VP8Z8;
				INFOPLIST_FILE = MarvelMVVMTests/Info.plist;
				IPHONEOS_DEPLOYMENT_TARGET = 13.2;
				LD_RUNPATH_SEARCH_PATHS = (
					"$(inherited)",
					"@executable_path/Frameworks",
					"@loader_path/Frameworks",
				);
				PRODUCT_BUNDLE_IDENTIFIER = br.com.MarvelMVVMTests;
				PRODUCT_NAME = "$(TARGET_NAME)";
				SWIFT_VERSION = 5.0;
				TARGETED_DEVICE_FAMILY = "1,2";
				TEST_HOST = "$(BUILT_PRODUCTS_DIR)/MarvelMVVM.app/MarvelMVVM";
			};
			name = Release;
		};
		B376AD6C23D901B40088324B /* Debug */ = {
			isa = XCBuildConfiguration;
			buildSettings = {
				ALWAYS_EMBED_SWIFT_STANDARD_LIBRARIES = YES;
				CODE_SIGN_STYLE = Automatic;
				DEVELOPMENT_TEAM = Y55X2VP8Z8;
				INFOPLIST_FILE = MarvelMVVMUITests/Info.plist;
				LD_RUNPATH_SEARCH_PATHS = (
					"$(inherited)",
					"@executable_path/Frameworks",
					"@loader_path/Frameworks",
				);
				PRODUCT_BUNDLE_IDENTIFIER = br.com.MarvelMVVMUITests;
				PRODUCT_NAME = "$(TARGET_NAME)";
				SWIFT_VERSION = 5.0;
				TARGETED_DEVICE_FAMILY = "1,2";
				TEST_TARGET_NAME = MarvelMVVM;
			};
			name = Debug;
		};
		B376AD6D23D901B40088324B /* Release */ = {
			isa = XCBuildConfiguration;
			buildSettings = {
				ALWAYS_EMBED_SWIFT_STANDARD_LIBRARIES = YES;
				CODE_SIGN_STYLE = Automatic;
				DEVELOPMENT_TEAM = Y55X2VP8Z8;
				INFOPLIST_FILE = MarvelMVVMUITests/Info.plist;
				LD_RUNPATH_SEARCH_PATHS = (
					"$(inherited)",
					"@executable_path/Frameworks",
					"@loader_path/Frameworks",
				);
				PRODUCT_BUNDLE_IDENTIFIER = br.com.MarvelMVVMUITests;
				PRODUCT_NAME = "$(TARGET_NAME)";
				SWIFT_VERSION = 5.0;
				TARGETED_DEVICE_FAMILY = "1,2";
				TEST_TARGET_NAME = MarvelMVVM;
			};
			name = Release;
		};
/* End XCBuildConfiguration section */

/* Begin XCConfigurationList section */
		B376AD3623D901B00088324B /* Build configuration list for PBXProject "MarvelMVVM" */ = {
			isa = XCConfigurationList;
			buildConfigurations = (
				B376AD6323D901B40088324B /* Debug */,
				B376AD6423D901B40088324B /* Release */,
			);
			defaultConfigurationIsVisible = 0;
			defaultConfigurationName = Release;
		};
		B376AD6523D901B40088324B /* Build configuration list for PBXNativeTarget "MarvelMVVM" */ = {
			isa = XCConfigurationList;
			buildConfigurations = (
				B376AD6623D901B40088324B /* Debug */,
				B376AD6723D901B40088324B /* Release */,
			);
			defaultConfigurationIsVisible = 0;
			defaultConfigurationName = Release;
		};
		B376AD6823D901B40088324B /* Build configuration list for PBXNativeTarget "MarvelMVVMTests" */ = {
			isa = XCConfigurationList;
			buildConfigurations = (
				B376AD6923D901B40088324B /* Debug */,
				B376AD6A23D901B40088324B /* Release */,
			);
			defaultConfigurationIsVisible = 0;
			defaultConfigurationName = Release;
		};
		B376AD6B23D901B40088324B /* Build configuration list for PBXNativeTarget "MarvelMVVMUITests" */ = {
			isa = XCConfigurationList;
			buildConfigurations = (
				B376AD6C23D901B40088324B /* Debug */,
				B376AD6D23D901B40088324B /* Release */,
			);
			defaultConfigurationIsVisible = 0;
			defaultConfigurationName = Release;
		};
/* End XCConfigurationList section */
	};
	rootObject = B376AD3323D901B00088324B /* Project object */;
}
